// !$*UTF8*$!
{
	archiveVersion = 1;
	classes = {
	};
	objectVersion = 48;
	objects = {

/* Begin PBXBuildFile section */
		A11EAC621FB3EB3E004594BF /* JL_MainNavigationController.m in Sources */ = {isa = PBXBuildFile; fileRef = A11EAC5E1FB3EB3E004594BF /* JL_MainNavigationController.m */; };
		A11EAC631FB3EB3E004594BF /* JL_MainTabBarController.m in Sources */ = {isa = PBXBuildFile; fileRef = A11EAC5F1FB3EB3E004594BF /* JL_MainTabBarController.m */; };
		A11EAC661FB3EB5D004594BF /* JL_BasicViewController.m in Sources */ = {isa = PBXBuildFile; fileRef = A11EAC651FB3EB5D004594BF /* JL_BasicViewController.m */; };
		A11EACF61FB3EBB4004594BF /* MKAnnotationView+WebCache.m in Sources */ = {isa = PBXBuildFile; fileRef = A11EACAA1FB3EBB4004594BF /* MKAnnotationView+WebCache.m */; };
		A11EACF71FB3EBB4004594BF /* NSData+ImageContentType.m in Sources */ = {isa = PBXBuildFile; fileRef = A11EACAC1FB3EBB4004594BF /* NSData+ImageContentType.m */; };
		A11EACF81FB3EBB4004594BF /* SDImageCache.m in Sources */ = {isa = PBXBuildFile; fileRef = A11EACAE1FB3EBB4004594BF /* SDImageCache.m */; };
		A11EACF91FB3EBB4004594BF /* SDWebImageCompat.m in Sources */ = {isa = PBXBuildFile; fileRef = A11EACB01FB3EBB4004594BF /* SDWebImageCompat.m */; };
		A11EACFA1FB3EBB4004594BF /* SDWebImageDecoder.m in Sources */ = {isa = PBXBuildFile; fileRef = A11EACB21FB3EBB4004594BF /* SDWebImageDecoder.m */; };
		A11EACFB1FB3EBB4004594BF /* SDWebImageDownloader.m in Sources */ = {isa = PBXBuildFile; fileRef = A11EACB41FB3EBB4004594BF /* SDWebImageDownloader.m */; };
		A11EACFC1FB3EBB4004594BF /* SDWebImageDownloaderOperation.m in Sources */ = {isa = PBXBuildFile; fileRef = A11EACB61FB3EBB4004594BF /* SDWebImageDownloaderOperation.m */; };
		A11EACFD1FB3EBB4004594BF /* SDWebImageManager+MJ.m in Sources */ = {isa = PBXBuildFile; fileRef = A11EACB81FB3EBB4004594BF /* SDWebImageManager+MJ.m */; };
		A11EACFE1FB3EBB4004594BF /* SDWebImageManager.m in Sources */ = {isa = PBXBuildFile; fileRef = A11EACBA1FB3EBB4004594BF /* SDWebImageManager.m */; };
		A11EACFF1FB3EBB4004594BF /* SDWebImagePrefetcher.m in Sources */ = {isa = PBXBuildFile; fileRef = A11EACBD1FB3EBB4004594BF /* SDWebImagePrefetcher.m */; };
		A11EAD001FB3EBB4004594BF /* UIButton+WebCache.m in Sources */ = {isa = PBXBuildFile; fileRef = A11EACBF1FB3EBB4004594BF /* UIButton+WebCache.m */; };
		A11EAD011FB3EBB4004594BF /* UIImage+GIF.m in Sources */ = {isa = PBXBuildFile; fileRef = A11EACC11FB3EBB4004594BF /* UIImage+GIF.m */; };
		A11EAD021FB3EBB4004594BF /* UIImage+MultiFormat.m in Sources */ = {isa = PBXBuildFile; fileRef = A11EACC31FB3EBB4004594BF /* UIImage+MultiFormat.m */; };
		A11EAD031FB3EBB4004594BF /* UIImage+WebP.m in Sources */ = {isa = PBXBuildFile; fileRef = A11EACC51FB3EBB4004594BF /* UIImage+WebP.m */; };
		A11EAD041FB3EBB4004594BF /* UIImageView+HighlightedWebCache.m in Sources */ = {isa = PBXBuildFile; fileRef = A11EACC71FB3EBB4004594BF /* UIImageView+HighlightedWebCache.m */; };
		A11EAD051FB3EBB4004594BF /* UIImageView+WebCache.m in Sources */ = {isa = PBXBuildFile; fileRef = A11EACC91FB3EBB4004594BF /* UIImageView+WebCache.m */; };
		A11EAD061FB3EBB4004594BF /* UIView+WebCacheOperation.m in Sources */ = {isa = PBXBuildFile; fileRef = A11EACCB1FB3EBB4004594BF /* UIView+WebCacheOperation.m */; };
		A11EAD5C1FB3ED48004594BF /* UIBarButtonItem+Item.m in Sources */ = {isa = PBXBuildFile; fileRef = A11EAD571FB3ED48004594BF /* UIBarButtonItem+Item.m */; };
		A11EAD5D1FB3ED48004594BF /* UIImage+Image.m in Sources */ = {isa = PBXBuildFile; fileRef = A11EAD591FB3ED48004594BF /* UIImage+Image.m */; };
		A11EAD5E1FB3ED48004594BF /* UIView+Frame.m in Sources */ = {isa = PBXBuildFile; fileRef = A11EAD5B1FB3ED48004594BF /* UIView+Frame.m */; };
		A11EADA71FB3F569004594BF /* AFHTTPSessionManager.m in Sources */ = {isa = PBXBuildFile; fileRef = A11EAD9B1FB3F569004594BF /* AFHTTPSessionManager.m */; };
		A11EADA81FB3F569004594BF /* AFNetworkReachabilityManager.m in Sources */ = {isa = PBXBuildFile; fileRef = A11EAD9E1FB3F569004594BF /* AFNetworkReachabilityManager.m */; };
		A11EADA91FB3F569004594BF /* AFSecurityPolicy.m in Sources */ = {isa = PBXBuildFile; fileRef = A11EADA01FB3F569004594BF /* AFSecurityPolicy.m */; };
		A11EADAA1FB3F569004594BF /* AFURLRequestSerialization.m in Sources */ = {isa = PBXBuildFile; fileRef = A11EADA21FB3F569004594BF /* AFURLRequestSerialization.m */; };
		A11EADAB1FB3F569004594BF /* AFURLResponseSerialization.m in Sources */ = {isa = PBXBuildFile; fileRef = A11EADA41FB3F569004594BF /* AFURLResponseSerialization.m */; };
		A11EADAC1FB3F569004594BF /* AFURLSessionManager.m in Sources */ = {isa = PBXBuildFile; fileRef = A11EADA61FB3F569004594BF /* AFURLSessionManager.m */; };
		A11EADC81FB3F579004594BF /* Info.plist in Resources */ = {isa = PBXBuildFile; fileRef = A11EADAE1FB3F578004594BF /* Info.plist */; };
		A11EADC91FB3F579004594BF /* MASCompositeConstraint.m in Sources */ = {isa = PBXBuildFile; fileRef = A11EADB01FB3F578004594BF /* MASCompositeConstraint.m */; };
		A11EADCA1FB3F579004594BF /* MASConstraint.m in Sources */ = {isa = PBXBuildFile; fileRef = A11EADB31FB3F578004594BF /* MASConstraint.m */; };
		A11EADCB1FB3F579004594BF /* MASConstraintMaker.m in Sources */ = {isa = PBXBuildFile; fileRef = A11EADB51FB3F578004594BF /* MASConstraintMaker.m */; };
		A11EADCC1FB3F579004594BF /* MASLayoutConstraint.m in Sources */ = {isa = PBXBuildFile; fileRef = A11EADB71FB3F578004594BF /* MASLayoutConstraint.m */; };
		A11EADCD1FB3F579004594BF /* MASViewAttribute.m in Sources */ = {isa = PBXBuildFile; fileRef = A11EADBB1FB3F578004594BF /* MASViewAttribute.m */; };
		A11EADCE1FB3F579004594BF /* MASViewConstraint.m in Sources */ = {isa = PBXBuildFile; fileRef = A11EADBD1FB3F578004594BF /* MASViewConstraint.m */; };
		A11EADCF1FB3F579004594BF /* NSArray+MASAdditions.m in Sources */ = {isa = PBXBuildFile; fileRef = A11EADBF1FB3F578004594BF /* NSArray+MASAdditions.m */; };
		A11EADD01FB3F579004594BF /* NSLayoutConstraint+MASDebugAdditions.m in Sources */ = {isa = PBXBuildFile; fileRef = A11EADC21FB3F578004594BF /* NSLayoutConstraint+MASDebugAdditions.m */; };
		A11EADD11FB3F579004594BF /* View+MASAdditions.m in Sources */ = {isa = PBXBuildFile; fileRef = A11EADC41FB3F578004594BF /* View+MASAdditions.m */; };
		A11EADD21FB3F579004594BF /* ViewController+MASAdditions.m in Sources */ = {isa = PBXBuildFile; fileRef = A11EADC71FB3F578004594BF /* ViewController+MASAdditions.m */; };
		A11EAFA61FB434B2004594BF /* CoreGraphics.framework in Frameworks */ = {isa = PBXBuildFile; fileRef = A11EAFA51FB4344E004594BF /* CoreGraphics.framework */; };
		A11EAFA81FB434C8004594BF /* UIKit.framework in Frameworks */ = {isa = PBXBuildFile; fileRef = A11EAFA71FB434B9004594BF /* UIKit.framework */; };
		A11EAFD11FB541FB004594BF /* WebSocket.m in Sources */ = {isa = PBXBuildFile; fileRef = A11EAFAD1FB541F9004594BF /* WebSocket.m */; };
		A11EAFD21FB541FB004594BF /* HTTPAsyncFileResponse.m in Sources */ = {isa = PBXBuildFile; fileRef = A11EAFB11FB541FA004594BF /* HTTPAsyncFileResponse.m */; };
		A11EAFD31FB541FB004594BF /* HTTPDataResponse.m in Sources */ = {isa = PBXBuildFile; fileRef = A11EAFB31FB541FA004594BF /* HTTPDataResponse.m */; };
		A11EAFD41FB541FB004594BF /* HTTPDynamicFileResponse.m in Sources */ = {isa = PBXBuildFile; fileRef = A11EAFB51FB541FA004594BF /* HTTPDynamicFileResponse.m */; };
		A11EAFD51FB541FB004594BF /* HTTPErrorResponse.m in Sources */ = {isa = PBXBuildFile; fileRef = A11EAFB71FB541FA004594BF /* HTTPErrorResponse.m */; };
		A11EAFD61FB541FB004594BF /* HTTPFileResponse.m in Sources */ = {isa = PBXBuildFile; fileRef = A11EAFB91FB541FA004594BF /* HTTPFileResponse.m */; };
		A11EAFD71FB541FB004594BF /* HTTPRedirectResponse.m in Sources */ = {isa = PBXBuildFile; fileRef = A11EAFBB1FB541FA004594BF /* HTTPRedirectResponse.m */; };
		A11EAFD81FB541FB004594BF /* HTTPMessage.m in Sources */ = {isa = PBXBuildFile; fileRef = A11EAFBC1FB541FA004594BF /* HTTPMessage.m */; };
		A11EAFD91FB541FB004594BF /* HTTPAuthenticationRequest.m in Sources */ = {isa = PBXBuildFile; fileRef = A11EAFBE1FB541FA004594BF /* HTTPAuthenticationRequest.m */; };
		A11EAFDA1FB541FB004594BF /* HTTPConnection.m in Sources */ = {isa = PBXBuildFile; fileRef = A11EAFBF1FB541FA004594BF /* HTTPConnection.m */; };
		A11EAFDB1FB541FB004594BF /* MultipartFormDataParser.m in Sources */ = {isa = PBXBuildFile; fileRef = A11EAFC31FB541FB004594BF /* MultipartFormDataParser.m */; };
		A11EAFDC1FB541FB004594BF /* MultipartMessageHeader.m in Sources */ = {isa = PBXBuildFile; fileRef = A11EAFC51FB541FB004594BF /* MultipartMessageHeader.m */; };
		A11EAFDD1FB541FB004594BF /* MultipartMessageHeaderField.m in Sources */ = {isa = PBXBuildFile; fileRef = A11EAFC71FB541FB004594BF /* MultipartMessageHeaderField.m */; };
		A11EAFDE1FB541FB004594BF /* DDData.m in Sources */ = {isa = PBXBuildFile; fileRef = A11EAFCA1FB541FB004594BF /* DDData.m */; };
		A11EAFDF1FB541FB004594BF /* DDNumber.m in Sources */ = {isa = PBXBuildFile; fileRef = A11EAFCC1FB541FB004594BF /* DDNumber.m */; };
		A11EAFE01FB541FB004594BF /* DDRange.m in Sources */ = {isa = PBXBuildFile; fileRef = A11EAFCE1FB541FB004594BF /* DDRange.m */; };
		A11EAFE11FB541FB004594BF /* HTTPServer.m in Sources */ = {isa = PBXBuildFile; fileRef = A11EAFD01FB541FB004594BF /* HTTPServer.m */; };
		A11EAFE61FB54214004594BF /* About.txt in Resources */ = {isa = PBXBuildFile; fileRef = A11EAFE31FB54214004594BF /* About.txt */; };
		A11EAFE71FB54214004594BF /* GCDAsyncSocket.m in Sources */ = {isa = PBXBuildFile; fileRef = A11EAFE51FB54214004594BF /* GCDAsyncSocket.m */; };
		A11EAFEB1FB542F9004594BF /* JL_FileTransferManager.m in Sources */ = {isa = PBXBuildFile; fileRef = A11EAFEA1FB542F9004594BF /* JL_FileTransferManager.m */; };
		A11EAFEE1FB54326004594BF /* JL_HTTPConnection.m in Sources */ = {isa = PBXBuildFile; fileRef = A11EAFED1FB54326004594BF /* JL_HTTPConnection.m */; };
		A11EB0011FB544E2004594BF /* About.txt in Resources */ = {isa = PBXBuildFile; fileRef = A11EAFF01FB544E2004594BF /* About.txt */; };
		A11EB0021FB544E2004594BF /* DDAbstractDatabaseLogger.m in Sources */ = {isa = PBXBuildFile; fileRef = A11EAFF21FB544E2004594BF /* DDAbstractDatabaseLogger.m */; };
		A11EB0031FB544E2004594BF /* DDASLLogger.m in Sources */ = {isa = PBXBuildFile; fileRef = A11EAFF41FB544E2004594BF /* DDASLLogger.m */; };
		A11EB0041FB544E2004594BF /* DDFileLogger.m in Sources */ = {isa = PBXBuildFile; fileRef = A11EAFF61FB544E2004594BF /* DDFileLogger.m */; };
		A11EB0051FB544E2004594BF /* DDLog.m in Sources */ = {isa = PBXBuildFile; fileRef = A11EAFF81FB544E2004594BF /* DDLog.m */; };
		A11EB0061FB544E2004594BF /* DDTTYLogger.m in Sources */ = {isa = PBXBuildFile; fileRef = A11EAFFA1FB544E2004594BF /* DDTTYLogger.m */; };
		A11EB0071FB544E2004594BF /* ContextFilterLogFormatter.m in Sources */ = {isa = PBXBuildFile; fileRef = A11EAFFD1FB544E2004594BF /* ContextFilterLogFormatter.m */; };
		A11EB0081FB544E2004594BF /* DispatchQueueLogFormatter.m in Sources */ = {isa = PBXBuildFile; fileRef = A11EAFFF1FB544E2004594BF /* DispatchQueueLogFormatter.m */; };
		A11EB0091FB544E2004594BF /* README.txt in Resources */ = {isa = PBXBuildFile; fileRef = A11EB0001FB544E2004594BF /* README.txt */; };
		A11EB00C1FB54C37004594BF /* JL_DeviceInfoCenter.m in Sources */ = {isa = PBXBuildFile; fileRef = A11EB00B1FB54C37004594BF /* JL_DeviceInfoCenter.m */; };
		A11EB0151FB5560E004594BF /* index.html in Resources */ = {isa = PBXBuildFile; fileRef = A11EB0131FB5560D004594BF /* index.html */; };
		A11EB0161FB5560E004594BF /* upload.html in Resources */ = {isa = PBXBuildFile; fileRef = A11EB0141FB5560D004594BF /* upload.html */; };
		A1EF177E1FA9750500F67C06 /* Assets.xcassets in Resources */ = {isa = PBXBuildFile; fileRef = A1EF177D1FA9750500F67C06 /* Assets.xcassets */; };
		A1EF17841FA9750500F67C06 /* main.m in Sources */ = {isa = PBXBuildFile; fileRef = A1EF17831FA9750500F67C06 /* main.m */; };
		A1EF178E1FA9750600F67C06 /* JL_AlbumHelperTests.m in Sources */ = {isa = PBXBuildFile; fileRef = A1EF178D1FA9750600F67C06 /* JL_AlbumHelperTests.m */; };
		A1EF17991FA9750600F67C06 /* JL_AlbumHelperUITests.m in Sources */ = {isa = PBXBuildFile; fileRef = A1EF17981FA9750600F67C06 /* JL_AlbumHelperUITests.m */; };
		A1EF17BE1FA9756200F67C06 /* JL_MainViewControllerManager.m in Sources */ = {isa = PBXBuildFile; fileRef = A1EF17AB1FA9756200F67C06 /* JL_MainViewControllerManager.m */; };
		A1EF17C21FA9756200F67C06 /* JL_PhotosSelectTool.m in Sources */ = {isa = PBXBuildFile; fileRef = A1EF17B91FA9756200F67C06 /* JL_PhotosSelectTool.m */; };
		A1EF17C31FA9756200F67C06 /* JL_PhotosSelectViewController.m in Sources */ = {isa = PBXBuildFile; fileRef = A1EF17BC1FA9756200F67C06 /* JL_PhotosSelectViewController.m */; };
		A1EF17C71FA9768F00F67C06 /* JL_AppDelegate.m in Sources */ = {isa = PBXBuildFile; fileRef = A1EF17C61FA9768F00F67C06 /* JL_AppDelegate.m */; };
/* End PBXBuildFile section */

/* Begin PBXContainerItemProxy section */
		A1EF178A1FA9750600F67C06 /* PBXContainerItemProxy */ = {
			isa = PBXContainerItemProxy;
			containerPortal = A1EF17691FA9750500F67C06 /* Project object */;
			proxyType = 1;
			remoteGlobalIDString = A1EF17701FA9750500F67C06;
			remoteInfo = JL_AlbumHelper;
		};
		A1EF17951FA9750600F67C06 /* PBXContainerItemProxy */ = {
			isa = PBXContainerItemProxy;
			containerPortal = A1EF17691FA9750500F67C06 /* Project object */;
			proxyType = 1;
			remoteGlobalIDString = A1EF17701FA9750500F67C06;
			remoteInfo = JL_AlbumHelper;
		};
/* End PBXContainerItemProxy section */

/* Begin PBXFileReference section */
		A11EAC5E1FB3EB3E004594BF /* JL_MainNavigationController.m */ = {isa = PBXFileReference; fileEncoding = 4; lastKnownFileType = sourcecode.c.objc; path = JL_MainNavigationController.m; sourceTree = "<group>"; };
		A11EAC5F1FB3EB3E004594BF /* JL_MainTabBarController.m */ = {isa = PBXFileReference; fileEncoding = 4; lastKnownFileType = sourcecode.c.objc; path = JL_MainTabBarController.m; sourceTree = "<group>"; };
		A11EAC601FB3EB3E004594BF /* JL_MainNavigationController.h */ = {isa = PBXFileReference; fileEncoding = 4; lastKnownFileType = sourcecode.c.h; path = JL_MainNavigationController.h; sourceTree = "<group>"; };
		A11EAC611FB3EB3E004594BF /* JL_MainTabBarController.h */ = {isa = PBXFileReference; fileEncoding = 4; lastKnownFileType = sourcecode.c.h; path = JL_MainTabBarController.h; sourceTree = "<group>"; };
		A11EAC641FB3EB5D004594BF /* JL_BasicViewController.h */ = {isa = PBXFileReference; lastKnownFileType = sourcecode.c.h; path = JL_BasicViewController.h; sourceTree = "<group>"; };
		A11EAC651FB3EB5D004594BF /* JL_BasicViewController.m */ = {isa = PBXFileReference; lastKnownFileType = sourcecode.c.objc; path = JL_BasicViewController.m; sourceTree = "<group>"; };
		A11EACA91FB3EBB4004594BF /* MKAnnotationView+WebCache.h */ = {isa = PBXFileReference; fileEncoding = 4; lastKnownFileType = sourcecode.c.h; path = "MKAnnotationView+WebCache.h"; sourceTree = "<group>"; };
		A11EACAA1FB3EBB4004594BF /* MKAnnotationView+WebCache.m */ = {isa = PBXFileReference; fileEncoding = 4; lastKnownFileType = sourcecode.c.objc; path = "MKAnnotationView+WebCache.m"; sourceTree = "<group>"; };
		A11EACAB1FB3EBB4004594BF /* NSData+ImageContentType.h */ = {isa = PBXFileReference; fileEncoding = 4; lastKnownFileType = sourcecode.c.h; path = "NSData+ImageContentType.h"; sourceTree = "<group>"; };
		A11EACAC1FB3EBB4004594BF /* NSData+ImageContentType.m */ = {isa = PBXFileReference; fileEncoding = 4; lastKnownFileType = sourcecode.c.objc; path = "NSData+ImageContentType.m"; sourceTree = "<group>"; };
		A11EACAD1FB3EBB4004594BF /* SDImageCache.h */ = {isa = PBXFileReference; fileEncoding = 4; lastKnownFileType = sourcecode.c.h; path = SDImageCache.h; sourceTree = "<group>"; };
		A11EACAE1FB3EBB4004594BF /* SDImageCache.m */ = {isa = PBXFileReference; fileEncoding = 4; lastKnownFileType = sourcecode.c.objc; path = SDImageCache.m; sourceTree = "<group>"; };
		A11EACAF1FB3EBB4004594BF /* SDWebImageCompat.h */ = {isa = PBXFileReference; fileEncoding = 4; lastKnownFileType = sourcecode.c.h; path = SDWebImageCompat.h; sourceTree = "<group>"; };
		A11EACB01FB3EBB4004594BF /* SDWebImageCompat.m */ = {isa = PBXFileReference; fileEncoding = 4; lastKnownFileType = sourcecode.c.objc; path = SDWebImageCompat.m; sourceTree = "<group>"; };
		A11EACB11FB3EBB4004594BF /* SDWebImageDecoder.h */ = {isa = PBXFileReference; fileEncoding = 4; lastKnownFileType = sourcecode.c.h; path = SDWebImageDecoder.h; sourceTree = "<group>"; };
		A11EACB21FB3EBB4004594BF /* SDWebImageDecoder.m */ = {isa = PBXFileReference; fileEncoding = 4; lastKnownFileType = sourcecode.c.objc; path = SDWebImageDecoder.m; sourceTree = "<group>"; };
		A11EACB31FB3EBB4004594BF /* SDWebImageDownloader.h */ = {isa = PBXFileReference; fileEncoding = 4; lastKnownFileType = sourcecode.c.h; path = SDWebImageDownloader.h; sourceTree = "<group>"; };
		A11EACB41FB3EBB4004594BF /* SDWebImageDownloader.m */ = {isa = PBXFileReference; fileEncoding = 4; lastKnownFileType = sourcecode.c.objc; path = SDWebImageDownloader.m; sourceTree = "<group>"; };
		A11EACB51FB3EBB4004594BF /* SDWebImageDownloaderOperation.h */ = {isa = PBXFileReference; fileEncoding = 4; lastKnownFileType = sourcecode.c.h; path = SDWebImageDownloaderOperation.h; sourceTree = "<group>"; };
		A11EACB61FB3EBB4004594BF /* SDWebImageDownloaderOperation.m */ = {isa = PBXFileReference; fileEncoding = 4; lastKnownFileType = sourcecode.c.objc; path = SDWebImageDownloaderOperation.m; sourceTree = "<group>"; };
		A11EACB71FB3EBB4004594BF /* SDWebImageManager+MJ.h */ = {isa = PBXFileReference; fileEncoding = 4; lastKnownFileType = sourcecode.c.h; path = "SDWebImageManager+MJ.h"; sourceTree = "<group>"; };
		A11EACB81FB3EBB4004594BF /* SDWebImageManager+MJ.m */ = {isa = PBXFileReference; fileEncoding = 4; lastKnownFileType = sourcecode.c.objc; path = "SDWebImageManager+MJ.m"; sourceTree = "<group>"; };
		A11EACB91FB3EBB4004594BF /* SDWebImageManager.h */ = {isa = PBXFileReference; fileEncoding = 4; lastKnownFileType = sourcecode.c.h; path = SDWebImageManager.h; sourceTree = "<group>"; };
		A11EACBA1FB3EBB4004594BF /* SDWebImageManager.m */ = {isa = PBXFileReference; fileEncoding = 4; lastKnownFileType = sourcecode.c.objc; path = SDWebImageManager.m; sourceTree = "<group>"; };
		A11EACBB1FB3EBB4004594BF /* SDWebImageOperation.h */ = {isa = PBXFileReference; fileEncoding = 4; lastKnownFileType = sourcecode.c.h; path = SDWebImageOperation.h; sourceTree = "<group>"; };
		A11EACBC1FB3EBB4004594BF /* SDWebImagePrefetcher.h */ = {isa = PBXFileReference; fileEncoding = 4; lastKnownFileType = sourcecode.c.h; path = SDWebImagePrefetcher.h; sourceTree = "<group>"; };
		A11EACBD1FB3EBB4004594BF /* SDWebImagePrefetcher.m */ = {isa = PBXFileReference; fileEncoding = 4; lastKnownFileType = sourcecode.c.objc; path = SDWebImagePrefetcher.m; sourceTree = "<group>"; };
		A11EACBE1FB3EBB4004594BF /* UIButton+WebCache.h */ = {isa = PBXFileReference; fileEncoding = 4; lastKnownFileType = sourcecode.c.h; path = "UIButton+WebCache.h"; sourceTree = "<group>"; };
		A11EACBF1FB3EBB4004594BF /* UIButton+WebCache.m */ = {isa = PBXFileReference; fileEncoding = 4; lastKnownFileType = sourcecode.c.objc; path = "UIButton+WebCache.m"; sourceTree = "<group>"; };
		A11EACC01FB3EBB4004594BF /* UIImage+GIF.h */ = {isa = PBXFileReference; fileEncoding = 4; lastKnownFileType = sourcecode.c.h; path = "UIImage+GIF.h"; sourceTree = "<group>"; };
		A11EACC11FB3EBB4004594BF /* UIImage+GIF.m */ = {isa = PBXFileReference; fileEncoding = 4; lastKnownFileType = sourcecode.c.objc; path = "UIImage+GIF.m"; sourceTree = "<group>"; };
		A11EACC21FB3EBB4004594BF /* UIImage+MultiFormat.h */ = {isa = PBXFileReference; fileEncoding = 4; lastKnownFileType = sourcecode.c.h; path = "UIImage+MultiFormat.h"; sourceTree = "<group>"; };
		A11EACC31FB3EBB4004594BF /* UIImage+MultiFormat.m */ = {isa = PBXFileReference; fileEncoding = 4; lastKnownFileType = sourcecode.c.objc; path = "UIImage+MultiFormat.m"; sourceTree = "<group>"; };
		A11EACC41FB3EBB4004594BF /* UIImage+WebP.h */ = {isa = PBXFileReference; fileEncoding = 4; lastKnownFileType = sourcecode.c.h; path = "UIImage+WebP.h"; sourceTree = "<group>"; };
		A11EACC51FB3EBB4004594BF /* UIImage+WebP.m */ = {isa = PBXFileReference; fileEncoding = 4; lastKnownFileType = sourcecode.c.objc; path = "UIImage+WebP.m"; sourceTree = "<group>"; };
		A11EACC61FB3EBB4004594BF /* UIImageView+HighlightedWebCache.h */ = {isa = PBXFileReference; fileEncoding = 4; lastKnownFileType = sourcecode.c.h; path = "UIImageView+HighlightedWebCache.h"; sourceTree = "<group>"; };
		A11EACC71FB3EBB4004594BF /* UIImageView+HighlightedWebCache.m */ = {isa = PBXFileReference; fileEncoding = 4; lastKnownFileType = sourcecode.c.objc; path = "UIImageView+HighlightedWebCache.m"; sourceTree = "<group>"; };
		A11EACC81FB3EBB4004594BF /* UIImageView+WebCache.h */ = {isa = PBXFileReference; fileEncoding = 4; lastKnownFileType = sourcecode.c.h; path = "UIImageView+WebCache.h"; sourceTree = "<group>"; };
		A11EACC91FB3EBB4004594BF /* UIImageView+WebCache.m */ = {isa = PBXFileReference; fileEncoding = 4; lastKnownFileType = sourcecode.c.objc; path = "UIImageView+WebCache.m"; sourceTree = "<group>"; };
		A11EACCA1FB3EBB4004594BF /* UIView+WebCacheOperation.h */ = {isa = PBXFileReference; fileEncoding = 4; lastKnownFileType = sourcecode.c.h; path = "UIView+WebCacheOperation.h"; sourceTree = "<group>"; };
		A11EACCB1FB3EBB4004594BF /* UIView+WebCacheOperation.m */ = {isa = PBXFileReference; fileEncoding = 4; lastKnownFileType = sourcecode.c.objc; path = "UIView+WebCacheOperation.m"; sourceTree = "<group>"; };
		A11EAD561FB3ED48004594BF /* UIBarButtonItem+Item.h */ = {isa = PBXFileReference; fileEncoding = 4; lastKnownFileType = sourcecode.c.h; path = "UIBarButtonItem+Item.h"; sourceTree = "<group>"; };
		A11EAD571FB3ED48004594BF /* UIBarButtonItem+Item.m */ = {isa = PBXFileReference; fileEncoding = 4; lastKnownFileType = sourcecode.c.objc; path = "UIBarButtonItem+Item.m"; sourceTree = "<group>"; };
		A11EAD581FB3ED48004594BF /* UIImage+Image.h */ = {isa = PBXFileReference; fileEncoding = 4; lastKnownFileType = sourcecode.c.h; path = "UIImage+Image.h"; sourceTree = "<group>"; };
		A11EAD591FB3ED48004594BF /* UIImage+Image.m */ = {isa = PBXFileReference; fileEncoding = 4; lastKnownFileType = sourcecode.c.objc; path = "UIImage+Image.m"; sourceTree = "<group>"; };
		A11EAD5A1FB3ED48004594BF /* UIView+Frame.h */ = {isa = PBXFileReference; fileEncoding = 4; lastKnownFileType = sourcecode.c.h; path = "UIView+Frame.h"; sourceTree = "<group>"; };
		A11EAD5B1FB3ED48004594BF /* UIView+Frame.m */ = {isa = PBXFileReference; fileEncoding = 4; lastKnownFileType = sourcecode.c.objc; path = "UIView+Frame.m"; sourceTree = "<group>"; };
		A11EAD9A1FB3F569004594BF /* AFHTTPSessionManager.h */ = {isa = PBXFileReference; fileEncoding = 4; lastKnownFileType = sourcecode.c.h; path = AFHTTPSessionManager.h; sourceTree = "<group>"; };
		A11EAD9B1FB3F569004594BF /* AFHTTPSessionManager.m */ = {isa = PBXFileReference; fileEncoding = 4; lastKnownFileType = sourcecode.c.objc; path = AFHTTPSessionManager.m; sourceTree = "<group>"; };
		A11EAD9C1FB3F569004594BF /* AFNetworking.h */ = {isa = PBXFileReference; fileEncoding = 4; lastKnownFileType = sourcecode.c.h; path = AFNetworking.h; sourceTree = "<group>"; };
		A11EAD9D1FB3F569004594BF /* AFNetworkReachabilityManager.h */ = {isa = PBXFileReference; fileEncoding = 4; lastKnownFileType = sourcecode.c.h; path = AFNetworkReachabilityManager.h; sourceTree = "<group>"; };
		A11EAD9E1FB3F569004594BF /* AFNetworkReachabilityManager.m */ = {isa = PBXFileReference; fileEncoding = 4; lastKnownFileType = sourcecode.c.objc; path = AFNetworkReachabilityManager.m; sourceTree = "<group>"; };
		A11EAD9F1FB3F569004594BF /* AFSecurityPolicy.h */ = {isa = PBXFileReference; fileEncoding = 4; lastKnownFileType = sourcecode.c.h; path = AFSecurityPolicy.h; sourceTree = "<group>"; };
		A11EADA01FB3F569004594BF /* AFSecurityPolicy.m */ = {isa = PBXFileReference; fileEncoding = 4; lastKnownFileType = sourcecode.c.objc; path = AFSecurityPolicy.m; sourceTree = "<group>"; };
		A11EADA11FB3F569004594BF /* AFURLRequestSerialization.h */ = {isa = PBXFileReference; fileEncoding = 4; lastKnownFileType = sourcecode.c.h; path = AFURLRequestSerialization.h; sourceTree = "<group>"; };
		A11EADA21FB3F569004594BF /* AFURLRequestSerialization.m */ = {isa = PBXFileReference; fileEncoding = 4; lastKnownFileType = sourcecode.c.objc; path = AFURLRequestSerialization.m; sourceTree = "<group>"; };
		A11EADA31FB3F569004594BF /* AFURLResponseSerialization.h */ = {isa = PBXFileReference; fileEncoding = 4; lastKnownFileType = sourcecode.c.h; path = AFURLResponseSerialization.h; sourceTree = "<group>"; };
		A11EADA41FB3F569004594BF /* AFURLResponseSerialization.m */ = {isa = PBXFileReference; fileEncoding = 4; lastKnownFileType = sourcecode.c.objc; path = AFURLResponseSerialization.m; sourceTree = "<group>"; };
		A11EADA51FB3F569004594BF /* AFURLSessionManager.h */ = {isa = PBXFileReference; fileEncoding = 4; lastKnownFileType = sourcecode.c.h; path = AFURLSessionManager.h; sourceTree = "<group>"; };
		A11EADA61FB3F569004594BF /* AFURLSessionManager.m */ = {isa = PBXFileReference; fileEncoding = 4; lastKnownFileType = sourcecode.c.objc; path = AFURLSessionManager.m; sourceTree = "<group>"; };
		A11EADAE1FB3F578004594BF /* Info.plist */ = {isa = PBXFileReference; fileEncoding = 4; lastKnownFileType = text.plist.xml; path = Info.plist; sourceTree = "<group>"; };
		A11EADAF1FB3F578004594BF /* MASCompositeConstraint.h */ = {isa = PBXFileReference; fileEncoding = 4; lastKnownFileType = sourcecode.c.h; path = MASCompositeConstraint.h; sourceTree = "<group>"; };
		A11EADB01FB3F578004594BF /* MASCompositeConstraint.m */ = {isa = PBXFileReference; fileEncoding = 4; lastKnownFileType = sourcecode.c.objc; path = MASCompositeConstraint.m; sourceTree = "<group>"; };
		A11EADB11FB3F578004594BF /* MASConstraint+Private.h */ = {isa = PBXFileReference; fileEncoding = 4; lastKnownFileType = sourcecode.c.h; path = "MASConstraint+Private.h"; sourceTree = "<group>"; };
		A11EADB21FB3F578004594BF /* MASConstraint.h */ = {isa = PBXFileReference; fileEncoding = 4; lastKnownFileType = sourcecode.c.h; path = MASConstraint.h; sourceTree = "<group>"; };
		A11EADB31FB3F578004594BF /* MASConstraint.m */ = {isa = PBXFileReference; fileEncoding = 4; lastKnownFileType = sourcecode.c.objc; path = MASConstraint.m; sourceTree = "<group>"; };
		A11EADB41FB3F578004594BF /* MASConstraintMaker.h */ = {isa = PBXFileReference; fileEncoding = 4; lastKnownFileType = sourcecode.c.h; path = MASConstraintMaker.h; sourceTree = "<group>"; };
		A11EADB51FB3F578004594BF /* MASConstraintMaker.m */ = {isa = PBXFileReference; fileEncoding = 4; lastKnownFileType = sourcecode.c.objc; path = MASConstraintMaker.m; sourceTree = "<group>"; };
		A11EADB61FB3F578004594BF /* MASLayoutConstraint.h */ = {isa = PBXFileReference; fileEncoding = 4; lastKnownFileType = sourcecode.c.h; path = MASLayoutConstraint.h; sourceTree = "<group>"; };
		A11EADB71FB3F578004594BF /* MASLayoutConstraint.m */ = {isa = PBXFileReference; fileEncoding = 4; lastKnownFileType = sourcecode.c.objc; path = MASLayoutConstraint.m; sourceTree = "<group>"; };
		A11EADB81FB3F578004594BF /* Masonry.h */ = {isa = PBXFileReference; fileEncoding = 4; lastKnownFileType = sourcecode.c.h; path = Masonry.h; sourceTree = "<group>"; };
		A11EADB91FB3F578004594BF /* MASUtilities.h */ = {isa = PBXFileReference; fileEncoding = 4; lastKnownFileType = sourcecode.c.h; path = MASUtilities.h; sourceTree = "<group>"; };
		A11EADBA1FB3F578004594BF /* MASViewAttribute.h */ = {isa = PBXFileReference; fileEncoding = 4; lastKnownFileType = sourcecode.c.h; path = MASViewAttribute.h; sourceTree = "<group>"; };
		A11EADBB1FB3F578004594BF /* MASViewAttribute.m */ = {isa = PBXFileReference; fileEncoding = 4; lastKnownFileType = sourcecode.c.objc; path = MASViewAttribute.m; sourceTree = "<group>"; };
		A11EADBC1FB3F578004594BF /* MASViewConstraint.h */ = {isa = PBXFileReference; fileEncoding = 4; lastKnownFileType = sourcecode.c.h; path = MASViewConstraint.h; sourceTree = "<group>"; };
		A11EADBD1FB3F578004594BF /* MASViewConstraint.m */ = {isa = PBXFileReference; fileEncoding = 4; lastKnownFileType = sourcecode.c.objc; path = MASViewConstraint.m; sourceTree = "<group>"; };
		A11EADBE1FB3F578004594BF /* NSArray+MASAdditions.h */ = {isa = PBXFileReference; fileEncoding = 4; lastKnownFileType = sourcecode.c.h; path = "NSArray+MASAdditions.h"; sourceTree = "<group>"; };
		A11EADBF1FB3F578004594BF /* NSArray+MASAdditions.m */ = {isa = PBXFileReference; fileEncoding = 4; lastKnownFileType = sourcecode.c.objc; path = "NSArray+MASAdditions.m"; sourceTree = "<group>"; };
		A11EADC01FB3F578004594BF /* NSArray+MASShorthandAdditions.h */ = {isa = PBXFileReference; fileEncoding = 4; lastKnownFileType = sourcecode.c.h; path = "NSArray+MASShorthandAdditions.h"; sourceTree = "<group>"; };
		A11EADC11FB3F578004594BF /* NSLayoutConstraint+MASDebugAdditions.h */ = {isa = PBXFileReference; fileEncoding = 4; lastKnownFileType = sourcecode.c.h; path = "NSLayoutConstraint+MASDebugAdditions.h"; sourceTree = "<group>"; };
		A11EADC21FB3F578004594BF /* NSLayoutConstraint+MASDebugAdditions.m */ = {isa = PBXFileReference; fileEncoding = 4; lastKnownFileType = sourcecode.c.objc; path = "NSLayoutConstraint+MASDebugAdditions.m"; sourceTree = "<group>"; };
		A11EADC31FB3F578004594BF /* View+MASAdditions.h */ = {isa = PBXFileReference; fileEncoding = 4; lastKnownFileType = sourcecode.c.h; path = "View+MASAdditions.h"; sourceTree = "<group>"; };
		A11EADC41FB3F578004594BF /* View+MASAdditions.m */ = {isa = PBXFileReference; fileEncoding = 4; lastKnownFileType = sourcecode.c.objc; path = "View+MASAdditions.m"; sourceTree = "<group>"; };
		A11EADC51FB3F578004594BF /* View+MASShorthandAdditions.h */ = {isa = PBXFileReference; fileEncoding = 4; lastKnownFileType = sourcecode.c.h; path = "View+MASShorthandAdditions.h"; sourceTree = "<group>"; };
		A11EADC61FB3F578004594BF /* ViewController+MASAdditions.h */ = {isa = PBXFileReference; fileEncoding = 4; lastKnownFileType = sourcecode.c.h; path = "ViewController+MASAdditions.h"; sourceTree = "<group>"; };
		A11EADC71FB3F578004594BF /* ViewController+MASAdditions.m */ = {isa = PBXFileReference; fileEncoding = 4; lastKnownFileType = sourcecode.c.objc; path = "ViewController+MASAdditions.m"; sourceTree = "<group>"; };
		A11EAFA51FB4344E004594BF /* CoreGraphics.framework */ = {isa = PBXFileReference; lastKnownFileType = wrapper.framework; name = CoreGraphics.framework; path = System/Library/Frameworks/CoreGraphics.framework; sourceTree = SDKROOT; };
		A11EAFA71FB434B9004594BF /* UIKit.framework */ = {isa = PBXFileReference; lastKnownFileType = wrapper.framework; name = UIKit.framework; path = System/Library/Frameworks/UIKit.framework; sourceTree = SDKROOT; };
		A11EAFAA1FB541F9004594BF /* HTTPResponse.h */ = {isa = PBXFileReference; fileEncoding = 4; lastKnownFileType = sourcecode.c.h; path = HTTPResponse.h; sourceTree = "<group>"; };
		A11EAFAB1FB541F9004594BF /* HTTPConnection.h */ = {isa = PBXFileReference; fileEncoding = 4; lastKnownFileType = sourcecode.c.h; path = HTTPConnection.h; sourceTree = "<group>"; };
		A11EAFAC1FB541F9004594BF /* HTTPAuthenticationRequest.h */ = {isa = PBXFileReference; fileEncoding = 4; lastKnownFileType = sourcecode.c.h; path = HTTPAuthenticationRequest.h; sourceTree = "<group>"; };
		A11EAFAD1FB541F9004594BF /* WebSocket.m */ = {isa = PBXFileReference; fileEncoding = 4; lastKnownFileType = sourcecode.c.objc; path = WebSocket.m; sourceTree = "<group>"; };
		A11EAFAE1FB541F9004594BF /* HTTPMessage.h */ = {isa = PBXFileReference; fileEncoding = 4; lastKnownFileType = sourcecode.c.h; path = HTTPMessage.h; sourceTree = "<group>"; };
		A11EAFB01FB541FA004594BF /* HTTPAsyncFileResponse.h */ = {isa = PBXFileReference; fileEncoding = 4; lastKnownFileType = sourcecode.c.h; path = HTTPAsyncFileResponse.h; sourceTree = "<group>"; };
		A11EAFB11FB541FA004594BF /* HTTPAsyncFileResponse.m */ = {isa = PBXFileReference; fileEncoding = 4; lastKnownFileType = sourcecode.c.objc; path = HTTPAsyncFileResponse.m; sourceTree = "<group>"; };
		A11EAFB21FB541FA004594BF /* HTTPDataResponse.h */ = {isa = PBXFileReference; fileEncoding = 4; lastKnownFileType = sourcecode.c.h; path = HTTPDataResponse.h; sourceTree = "<group>"; };
		A11EAFB31FB541FA004594BF /* HTTPDataResponse.m */ = {isa = PBXFileReference; fileEncoding = 4; lastKnownFileType = sourcecode.c.objc; path = HTTPDataResponse.m; sourceTree = "<group>"; };
		A11EAFB41FB541FA004594BF /* HTTPDynamicFileResponse.h */ = {isa = PBXFileReference; fileEncoding = 4; lastKnownFileType = sourcecode.c.h; path = HTTPDynamicFileResponse.h; sourceTree = "<group>"; };
		A11EAFB51FB541FA004594BF /* HTTPDynamicFileResponse.m */ = {isa = PBXFileReference; fileEncoding = 4; lastKnownFileType = sourcecode.c.objc; path = HTTPDynamicFileResponse.m; sourceTree = "<group>"; };
		A11EAFB61FB541FA004594BF /* HTTPErrorResponse.h */ = {isa = PBXFileReference; fileEncoding = 4; lastKnownFileType = sourcecode.c.h; path = HTTPErrorResponse.h; sourceTree = "<group>"; };
		A11EAFB71FB541FA004594BF /* HTTPErrorResponse.m */ = {isa = PBXFileReference; fileEncoding = 4; lastKnownFileType = sourcecode.c.objc; path = HTTPErrorResponse.m; sourceTree = "<group>"; };
		A11EAFB81FB541FA004594BF /* HTTPFileResponse.h */ = {isa = PBXFileReference; fileEncoding = 4; lastKnownFileType = sourcecode.c.h; path = HTTPFileResponse.h; sourceTree = "<group>"; };
		A11EAFB91FB541FA004594BF /* HTTPFileResponse.m */ = {isa = PBXFileReference; fileEncoding = 4; lastKnownFileType = sourcecode.c.objc; path = HTTPFileResponse.m; sourceTree = "<group>"; };
		A11EAFBA1FB541FA004594BF /* HTTPRedirectResponse.h */ = {isa = PBXFileReference; fileEncoding = 4; lastKnownFileType = sourcecode.c.h; path = HTTPRedirectResponse.h; sourceTree = "<group>"; };
		A11EAFBB1FB541FA004594BF /* HTTPRedirectResponse.m */ = {isa = PBXFileReference; fileEncoding = 4; lastKnownFileType = sourcecode.c.objc; path = HTTPRedirectResponse.m; sourceTree = "<group>"; };
		A11EAFBC1FB541FA004594BF /* HTTPMessage.m */ = {isa = PBXFileReference; fileEncoding = 4; lastKnownFileType = sourcecode.c.objc; path = HTTPMessage.m; sourceTree = "<group>"; };
		A11EAFBD1FB541FA004594BF /* WebSocket.h */ = {isa = PBXFileReference; fileEncoding = 4; lastKnownFileType = sourcecode.c.h; path = WebSocket.h; sourceTree = "<group>"; };
		A11EAFBE1FB541FA004594BF /* HTTPAuthenticationRequest.m */ = {isa = PBXFileReference; fileEncoding = 4; lastKnownFileType = sourcecode.c.objc; path = HTTPAuthenticationRequest.m; sourceTree = "<group>"; };
		A11EAFBF1FB541FA004594BF /* HTTPConnection.m */ = {isa = PBXFileReference; fileEncoding = 4; lastKnownFileType = sourcecode.c.objc; path = HTTPConnection.m; sourceTree = "<group>"; };
		A11EAFC01FB541FB004594BF /* HTTPLogging.h */ = {isa = PBXFileReference; fileEncoding = 4; lastKnownFileType = sourcecode.c.h; path = HTTPLogging.h; sourceTree = "<group>"; };
		A11EAFC21FB541FB004594BF /* MultipartFormDataParser.h */ = {isa = PBXFileReference; fileEncoding = 4; lastKnownFileType = sourcecode.c.h; path = MultipartFormDataParser.h; sourceTree = "<group>"; };
		A11EAFC31FB541FB004594BF /* MultipartFormDataParser.m */ = {isa = PBXFileReference; fileEncoding = 4; lastKnownFileType = sourcecode.c.objc; path = MultipartFormDataParser.m; sourceTree = "<group>"; };
		A11EAFC41FB541FB004594BF /* MultipartMessageHeader.h */ = {isa = PBXFileReference; fileEncoding = 4; lastKnownFileType = sourcecode.c.h; path = MultipartMessageHeader.h; sourceTree = "<group>"; };
		A11EAFC51FB541FB004594BF /* MultipartMessageHeader.m */ = {isa = PBXFileReference; fileEncoding = 4; lastKnownFileType = sourcecode.c.objc; path = MultipartMessageHeader.m; sourceTree = "<group>"; };
		A11EAFC61FB541FB004594BF /* MultipartMessageHeaderField.h */ = {isa = PBXFileReference; fileEncoding = 4; lastKnownFileType = sourcecode.c.h; path = MultipartMessageHeaderField.h; sourceTree = "<group>"; };
		A11EAFC71FB541FB004594BF /* MultipartMessageHeaderField.m */ = {isa = PBXFileReference; fileEncoding = 4; lastKnownFileType = sourcecode.c.objc; path = MultipartMessageHeaderField.m; sourceTree = "<group>"; };
		A11EAFC91FB541FB004594BF /* DDData.h */ = {isa = PBXFileReference; fileEncoding = 4; lastKnownFileType = sourcecode.c.h; path = DDData.h; sourceTree = "<group>"; };
		A11EAFCA1FB541FB004594BF /* DDData.m */ = {isa = PBXFileReference; fileEncoding = 4; lastKnownFileType = sourcecode.c.objc; path = DDData.m; sourceTree = "<group>"; };
		A11EAFCB1FB541FB004594BF /* DDNumber.h */ = {isa = PBXFileReference; fileEncoding = 4; lastKnownFileType = sourcecode.c.h; path = DDNumber.h; sourceTree = "<group>"; };
		A11EAFCC1FB541FB004594BF /* DDNumber.m */ = {isa = PBXFileReference; fileEncoding = 4; lastKnownFileType = sourcecode.c.objc; path = DDNumber.m; sourceTree = "<group>"; };
		A11EAFCD1FB541FB004594BF /* DDRange.h */ = {isa = PBXFileReference; fileEncoding = 4; lastKnownFileType = sourcecode.c.h; path = DDRange.h; sourceTree = "<group>"; };
		A11EAFCE1FB541FB004594BF /* DDRange.m */ = {isa = PBXFileReference; fileEncoding = 4; lastKnownFileType = sourcecode.c.objc; path = DDRange.m; sourceTree = "<group>"; };
		A11EAFCF1FB541FB004594BF /* HTTPServer.h */ = {isa = PBXFileReference; fileEncoding = 4; lastKnownFileType = sourcecode.c.h; path = HTTPServer.h; sourceTree = "<group>"; };
		A11EAFD01FB541FB004594BF /* HTTPServer.m */ = {isa = PBXFileReference; fileEncoding = 4; lastKnownFileType = sourcecode.c.objc; path = HTTPServer.m; sourceTree = "<group>"; };
		A11EAFE31FB54214004594BF /* About.txt */ = {isa = PBXFileReference; fileEncoding = 4; lastKnownFileType = text; path = About.txt; sourceTree = "<group>"; };
		A11EAFE41FB54214004594BF /* GCDAsyncSocket.h */ = {isa = PBXFileReference; fileEncoding = 4; lastKnownFileType = sourcecode.c.h; path = GCDAsyncSocket.h; sourceTree = "<group>"; };
		A11EAFE51FB54214004594BF /* GCDAsyncSocket.m */ = {isa = PBXFileReference; fileEncoding = 4; lastKnownFileType = sourcecode.c.objc; path = GCDAsyncSocket.m; sourceTree = "<group>"; };
		A11EAFE91FB542F9004594BF /* JL_FileTransferManager.h */ = {isa = PBXFileReference; lastKnownFileType = sourcecode.c.h; path = JL_FileTransferManager.h; sourceTree = "<group>"; };
		A11EAFEA1FB542F9004594BF /* JL_FileTransferManager.m */ = {isa = PBXFileReference; lastKnownFileType = sourcecode.c.objc; path = JL_FileTransferManager.m; sourceTree = "<group>"; };
		A11EAFEC1FB54326004594BF /* JL_HTTPConnection.h */ = {isa = PBXFileReference; lastKnownFileType = sourcecode.c.h; path = JL_HTTPConnection.h; sourceTree = "<group>"; };
		A11EAFED1FB54326004594BF /* JL_HTTPConnection.m */ = {isa = PBXFileReference; lastKnownFileType = sourcecode.c.objc; path = JL_HTTPConnection.m; sourceTree = "<group>"; };
		A11EAFF01FB544E2004594BF /* About.txt */ = {isa = PBXFileReference; fileEncoding = 4; lastKnownFileType = text; path = About.txt; sourceTree = "<group>"; };
		A11EAFF11FB544E2004594BF /* DDAbstractDatabaseLogger.h */ = {isa = PBXFileReference; fileEncoding = 4; lastKnownFileType = sourcecode.c.h; path = DDAbstractDatabaseLogger.h; sourceTree = "<group>"; };
		A11EAFF21FB544E2004594BF /* DDAbstractDatabaseLogger.m */ = {isa = PBXFileReference; fileEncoding = 4; lastKnownFileType = sourcecode.c.objc; path = DDAbstractDatabaseLogger.m; sourceTree = "<group>"; };
		A11EAFF31FB544E2004594BF /* DDASLLogger.h */ = {isa = PBXFileReference; fileEncoding = 4; lastKnownFileType = sourcecode.c.h; path = DDASLLogger.h; sourceTree = "<group>"; };
		A11EAFF41FB544E2004594BF /* DDASLLogger.m */ = {isa = PBXFileReference; fileEncoding = 4; lastKnownFileType = sourcecode.c.objc; path = DDASLLogger.m; sourceTree = "<group>"; };
		A11EAFF51FB544E2004594BF /* DDFileLogger.h */ = {isa = PBXFileReference; fileEncoding = 4; lastKnownFileType = sourcecode.c.h; path = DDFileLogger.h; sourceTree = "<group>"; };
		A11EAFF61FB544E2004594BF /* DDFileLogger.m */ = {isa = PBXFileReference; fileEncoding = 4; lastKnownFileType = sourcecode.c.objc; path = DDFileLogger.m; sourceTree = "<group>"; };
		A11EAFF71FB544E2004594BF /* DDLog.h */ = {isa = PBXFileReference; fileEncoding = 4; lastKnownFileType = sourcecode.c.h; path = DDLog.h; sourceTree = "<group>"; };
		A11EAFF81FB544E2004594BF /* DDLog.m */ = {isa = PBXFileReference; fileEncoding = 4; lastKnownFileType = sourcecode.c.objc; path = DDLog.m; sourceTree = "<group>"; };
		A11EAFF91FB544E2004594BF /* DDTTYLogger.h */ = {isa = PBXFileReference; fileEncoding = 4; lastKnownFileType = sourcecode.c.h; path = DDTTYLogger.h; sourceTree = "<group>"; };
		A11EAFFA1FB544E2004594BF /* DDTTYLogger.m */ = {isa = PBXFileReference; fileEncoding = 4; lastKnownFileType = sourcecode.c.objc; path = DDTTYLogger.m; sourceTree = "<group>"; };
		A11EAFFC1FB544E2004594BF /* ContextFilterLogFormatter.h */ = {isa = PBXFileReference; fileEncoding = 4; lastKnownFileType = sourcecode.c.h; path = ContextFilterLogFormatter.h; sourceTree = "<group>"; };
		A11EAFFD1FB544E2004594BF /* ContextFilterLogFormatter.m */ = {isa = PBXFileReference; fileEncoding = 4; lastKnownFileType = sourcecode.c.objc; path = ContextFilterLogFormatter.m; sourceTree = "<group>"; };
		A11EAFFE1FB544E2004594BF /* DispatchQueueLogFormatter.h */ = {isa = PBXFileReference; fileEncoding = 4; lastKnownFileType = sourcecode.c.h; path = DispatchQueueLogFormatter.h; sourceTree = "<group>"; };
		A11EAFFF1FB544E2004594BF /* DispatchQueueLogFormatter.m */ = {isa = PBXFileReference; fileEncoding = 4; lastKnownFileType = sourcecode.c.objc; path = DispatchQueueLogFormatter.m; sourceTree = "<group>"; };
		A11EB0001FB544E2004594BF /* README.txt */ = {isa = PBXFileReference; fileEncoding = 4; lastKnownFileType = text; path = README.txt; sourceTree = "<group>"; };
		A11EB00A1FB54C37004594BF /* JL_DeviceInfoCenter.h */ = {isa = PBXFileReference; lastKnownFileType = sourcecode.c.h; path = JL_DeviceInfoCenter.h; sourceTree = "<group>"; };
		A11EB00B1FB54C37004594BF /* JL_DeviceInfoCenter.m */ = {isa = PBXFileReference; lastKnownFileType = sourcecode.c.objc; path = JL_DeviceInfoCenter.m; sourceTree = "<group>"; };
		A11EB0131FB5560D004594BF /* index.html */ = {isa = PBXFileReference; fileEncoding = 4; lastKnownFileType = text.html; path = index.html; sourceTree = "<group>"; };
		A11EB0141FB5560D004594BF /* upload.html */ = {isa = PBXFileReference; fileEncoding = 4; lastKnownFileType = text.html; path = upload.html; sourceTree = "<group>"; };
		A1EF17711FA9750500F67C06 /* JL_AlbumHelper.app */ = {isa = PBXFileReference; explicitFileType = wrapper.application; includeInIndex = 0; path = JL_AlbumHelper.app; sourceTree = BUILT_PRODUCTS_DIR; };
		A1EF177D1FA9750500F67C06 /* Assets.xcassets */ = {isa = PBXFileReference; lastKnownFileType = folder.assetcatalog; path = Assets.xcassets; sourceTree = "<group>"; };
		A1EF17821FA9750500F67C06 /* Info.plist */ = {isa = PBXFileReference; lastKnownFileType = text.plist.xml; path = Info.plist; sourceTree = "<group>"; };
		A1EF17831FA9750500F67C06 /* main.m */ = {isa = PBXFileReference; lastKnownFileType = sourcecode.c.objc; path = main.m; sourceTree = "<group>"; };
		A1EF17891FA9750600F67C06 /* JL_AlbumHelperTests.xctest */ = {isa = PBXFileReference; explicitFileType = wrapper.cfbundle; includeInIndex = 0; path = JL_AlbumHelperTests.xctest; sourceTree = BUILT_PRODUCTS_DIR; };
		A1EF178D1FA9750600F67C06 /* JL_AlbumHelperTests.m */ = {isa = PBXFileReference; lastKnownFileType = sourcecode.c.objc; path = JL_AlbumHelperTests.m; sourceTree = "<group>"; };
		A1EF178F1FA9750600F67C06 /* Info.plist */ = {isa = PBXFileReference; lastKnownFileType = text.plist.xml; path = Info.plist; sourceTree = "<group>"; };
		A1EF17941FA9750600F67C06 /* JL_AlbumHelperUITests.xctest */ = {isa = PBXFileReference; explicitFileType = wrapper.cfbundle; includeInIndex = 0; path = JL_AlbumHelperUITests.xctest; sourceTree = BUILT_PRODUCTS_DIR; };
		A1EF17981FA9750600F67C06 /* JL_AlbumHelperUITests.m */ = {isa = PBXFileReference; lastKnownFileType = sourcecode.c.objc; path = JL_AlbumHelperUITests.m; sourceTree = "<group>"; };
		A1EF179A1FA9750600F67C06 /* Info.plist */ = {isa = PBXFileReference; lastKnownFileType = text.plist.xml; path = Info.plist; sourceTree = "<group>"; };
		A1EF17AA1FA9756200F67C06 /* JL_MainViewControllerManager.h */ = {isa = PBXFileReference; fileEncoding = 4; lastKnownFileType = sourcecode.c.h; path = JL_MainViewControllerManager.h; sourceTree = "<group>"; };
		A1EF17AB1FA9756200F67C06 /* JL_MainViewControllerManager.m */ = {isa = PBXFileReference; fileEncoding = 4; lastKnownFileType = sourcecode.c.objc; path = JL_MainViewControllerManager.m; sourceTree = "<group>"; };
		A1EF17B11FA9756200F67C06 /* JL_MainViewControllers.h */ = {isa = PBXFileReference; fileEncoding = 4; lastKnownFileType = sourcecode.c.h; path = JL_MainViewControllers.h; sourceTree = "<group>"; };
		A1EF17B81FA9756200F67C06 /* JL_PhotosSelectTool.h */ = {isa = PBXFileReference; fileEncoding = 4; lastKnownFileType = sourcecode.c.h; path = JL_PhotosSelectTool.h; sourceTree = "<group>"; };
		A1EF17B91FA9756200F67C06 /* JL_PhotosSelectTool.m */ = {isa = PBXFileReference; fileEncoding = 4; lastKnownFileType = sourcecode.c.objc; path = JL_PhotosSelectTool.m; sourceTree = "<group>"; };
		A1EF17BB1FA9756200F67C06 /* JL_PhotosSelectViewController.h */ = {isa = PBXFileReference; fileEncoding = 4; lastKnownFileType = sourcecode.c.h; path = JL_PhotosSelectViewController.h; sourceTree = "<group>"; };
		A1EF17BC1FA9756200F67C06 /* JL_PhotosSelectViewController.m */ = {isa = PBXFileReference; fileEncoding = 4; lastKnownFileType = sourcecode.c.objc; path = JL_PhotosSelectViewController.m; sourceTree = "<group>"; };
		A1EF17C51FA9768F00F67C06 /* JL_AppDelegate.h */ = {isa = PBXFileReference; fileEncoding = 4; lastKnownFileType = sourcecode.c.h; path = JL_AppDelegate.h; sourceTree = "<group>"; };
		A1EF17C61FA9768F00F67C06 /* JL_AppDelegate.m */ = {isa = PBXFileReference; fileEncoding = 4; lastKnownFileType = sourcecode.c.objc; path = JL_AppDelegate.m; sourceTree = "<group>"; };
		A1FEDBC21FB08CB900D2B8F4 /* JL_PrefixHeader.pch */ = {isa = PBXFileReference; lastKnownFileType = sourcecode.c.h; path = JL_PrefixHeader.pch; sourceTree = "<group>"; };
		A1FEDBC31FB08FD400D2B8F4 /* JL_MacroUtils.h */ = {isa = PBXFileReference; fileEncoding = 4; lastKnownFileType = sourcecode.c.h; path = JL_MacroUtils.h; sourceTree = "<group>"; };
/* End PBXFileReference section */

/* Begin PBXFrameworksBuildPhase section */
		A1EF176E1FA9750500F67C06 /* Frameworks */ = {
			isa = PBXFrameworksBuildPhase;
			buildActionMask = 2147483647;
			files = (
				A11EAFA81FB434C8004594BF /* UIKit.framework in Frameworks */,
				A11EAFA61FB434B2004594BF /* CoreGraphics.framework in Frameworks */,
			);
			runOnlyForDeploymentPostprocessing = 0;
		};
		A1EF17861FA9750600F67C06 /* Frameworks */ = {
			isa = PBXFrameworksBuildPhase;
			buildActionMask = 2147483647;
			files = (
			);
			runOnlyForDeploymentPostprocessing = 0;
		};
		A1EF17911FA9750600F67C06 /* Frameworks */ = {
			isa = PBXFrameworksBuildPhase;
			buildActionMask = 2147483647;
			files = (
			);
			runOnlyForDeploymentPostprocessing = 0;
		};
/* End PBXFrameworksBuildPhase section */

/* Begin PBXGroup section */
		A11EAC671FB3EBB4004594BF /* Librarys */ = {
			isa = PBXGroup;
			children = (
				A11EADD71FB42FF8004594BF /* CocoaHTTPServer */,
				A11EADAD1FB3F578004594BF /* Masonry */,
				A11EAD991FB3F569004594BF /* AFNetworking */,
				A11EACA81FB3EBB4004594BF /* SDWebImage */,
			);
			path = Librarys;
			sourceTree = "<group>";
		};
		A11EACA81FB3EBB4004594BF /* SDWebImage */ = {
			isa = PBXGroup;
			children = (
				A11EACA91FB3EBB4004594BF /* MKAnnotationView+WebCache.h */,
				A11EACAA1FB3EBB4004594BF /* MKAnnotationView+WebCache.m */,
				A11EACAB1FB3EBB4004594BF /* NSData+ImageContentType.h */,
				A11EACAC1FB3EBB4004594BF /* NSData+ImageContentType.m */,
				A11EACAD1FB3EBB4004594BF /* SDImageCache.h */,
				A11EACAE1FB3EBB4004594BF /* SDImageCache.m */,
				A11EACAF1FB3EBB4004594BF /* SDWebImageCompat.h */,
				A11EACB01FB3EBB4004594BF /* SDWebImageCompat.m */,
				A11EACB11FB3EBB4004594BF /* SDWebImageDecoder.h */,
				A11EACB21FB3EBB4004594BF /* SDWebImageDecoder.m */,
				A11EACB31FB3EBB4004594BF /* SDWebImageDownloader.h */,
				A11EACB41FB3EBB4004594BF /* SDWebImageDownloader.m */,
				A11EACB51FB3EBB4004594BF /* SDWebImageDownloaderOperation.h */,
				A11EACB61FB3EBB4004594BF /* SDWebImageDownloaderOperation.m */,
				A11EACB71FB3EBB4004594BF /* SDWebImageManager+MJ.h */,
				A11EACB81FB3EBB4004594BF /* SDWebImageManager+MJ.m */,
				A11EACB91FB3EBB4004594BF /* SDWebImageManager.h */,
				A11EACBA1FB3EBB4004594BF /* SDWebImageManager.m */,
				A11EACBB1FB3EBB4004594BF /* SDWebImageOperation.h */,
				A11EACBC1FB3EBB4004594BF /* SDWebImagePrefetcher.h */,
				A11EACBD1FB3EBB4004594BF /* SDWebImagePrefetcher.m */,
				A11EACBE1FB3EBB4004594BF /* UIButton+WebCache.h */,
				A11EACBF1FB3EBB4004594BF /* UIButton+WebCache.m */,
				A11EACC01FB3EBB4004594BF /* UIImage+GIF.h */,
				A11EACC11FB3EBB4004594BF /* UIImage+GIF.m */,
				A11EACC21FB3EBB4004594BF /* UIImage+MultiFormat.h */,
				A11EACC31FB3EBB4004594BF /* UIImage+MultiFormat.m */,
				A11EACC41FB3EBB4004594BF /* UIImage+WebP.h */,
				A11EACC51FB3EBB4004594BF /* UIImage+WebP.m */,
				A11EACC61FB3EBB4004594BF /* UIImageView+HighlightedWebCache.h */,
				A11EACC71FB3EBB4004594BF /* UIImageView+HighlightedWebCache.m */,
				A11EACC81FB3EBB4004594BF /* UIImageView+WebCache.h */,
				A11EACC91FB3EBB4004594BF /* UIImageView+WebCache.m */,
				A11EACCA1FB3EBB4004594BF /* UIView+WebCacheOperation.h */,
				A11EACCB1FB3EBB4004594BF /* UIView+WebCacheOperation.m */,
			);
			path = SDWebImage;
			sourceTree = "<group>";
		};
		A11EAD551FB3ED48004594BF /* Categorys */ = {
			isa = PBXGroup;
			children = (
				A11EAD561FB3ED48004594BF /* UIBarButtonItem+Item.h */,
				A11EAD571FB3ED48004594BF /* UIBarButtonItem+Item.m */,
				A11EAD581FB3ED48004594BF /* UIImage+Image.h */,
				A11EAD591FB3ED48004594BF /* UIImage+Image.m */,
				A11EAD5A1FB3ED48004594BF /* UIView+Frame.h */,
				A11EAD5B1FB3ED48004594BF /* UIView+Frame.m */,
			);
			path = Categorys;
			sourceTree = "<group>";
		};
		A11EAD991FB3F569004594BF /* AFNetworking */ = {
			isa = PBXGroup;
			children = (
				A11EAD9A1FB3F569004594BF /* AFHTTPSessionManager.h */,
				A11EAD9B1FB3F569004594BF /* AFHTTPSessionManager.m */,
				A11EAD9C1FB3F569004594BF /* AFNetworking.h */,
				A11EAD9D1FB3F569004594BF /* AFNetworkReachabilityManager.h */,
				A11EAD9E1FB3F569004594BF /* AFNetworkReachabilityManager.m */,
				A11EAD9F1FB3F569004594BF /* AFSecurityPolicy.h */,
				A11EADA01FB3F569004594BF /* AFSecurityPolicy.m */,
				A11EADA11FB3F569004594BF /* AFURLRequestSerialization.h */,
				A11EADA21FB3F569004594BF /* AFURLRequestSerialization.m */,
				A11EADA31FB3F569004594BF /* AFURLResponseSerialization.h */,
				A11EADA41FB3F569004594BF /* AFURLResponseSerialization.m */,
				A11EADA51FB3F569004594BF /* AFURLSessionManager.h */,
				A11EADA61FB3F569004594BF /* AFURLSessionManager.m */,
			);
			path = AFNetworking;
			sourceTree = "<group>";
		};
		A11EADAD1FB3F578004594BF /* Masonry */ = {
			isa = PBXGroup;
			children = (
				A11EADAE1FB3F578004594BF /* Info.plist */,
				A11EADAF1FB3F578004594BF /* MASCompositeConstraint.h */,
				A11EADB01FB3F578004594BF /* MASCompositeConstraint.m */,
				A11EADB11FB3F578004594BF /* MASConstraint+Private.h */,
				A11EADB21FB3F578004594BF /* MASConstraint.h */,
				A11EADB31FB3F578004594BF /* MASConstraint.m */,
				A11EADB41FB3F578004594BF /* MASConstraintMaker.h */,
				A11EADB51FB3F578004594BF /* MASConstraintMaker.m */,
				A11EADB61FB3F578004594BF /* MASLayoutConstraint.h */,
				A11EADB71FB3F578004594BF /* MASLayoutConstraint.m */,
				A11EADB81FB3F578004594BF /* Masonry.h */,
				A11EADB91FB3F578004594BF /* MASUtilities.h */,
				A11EADBA1FB3F578004594BF /* MASViewAttribute.h */,
				A11EADBB1FB3F578004594BF /* MASViewAttribute.m */,
				A11EADBC1FB3F578004594BF /* MASViewConstraint.h */,
				A11EADBD1FB3F578004594BF /* MASViewConstraint.m */,
				A11EADBE1FB3F578004594BF /* NSArray+MASAdditions.h */,
				A11EADBF1FB3F578004594BF /* NSArray+MASAdditions.m */,
				A11EADC01FB3F578004594BF /* NSArray+MASShorthandAdditions.h */,
				A11EADC11FB3F578004594BF /* NSLayoutConstraint+MASDebugAdditions.h */,
				A11EADC21FB3F578004594BF /* NSLayoutConstraint+MASDebugAdditions.m */,
				A11EADC31FB3F578004594BF /* View+MASAdditions.h */,
				A11EADC41FB3F578004594BF /* View+MASAdditions.m */,
				A11EADC51FB3F578004594BF /* View+MASShorthandAdditions.h */,
				A11EADC61FB3F578004594BF /* ViewController+MASAdditions.h */,
				A11EADC71FB3F578004594BF /* ViewController+MASAdditions.m */,
			);
			path = Masonry;
			sourceTree = "<group>";
		};
		A11EADD71FB42FF8004594BF /* CocoaHTTPServer */ = {
			isa = PBXGroup;
			children = (
				A11EAFEF1FB544E2004594BF /* CocoaLumberjack */,
				A11EAFE21FB54214004594BF /* CocoaAsyncSocket */,
				A11EAFA91FB541DE004594BF /* Core */,
			);
			path = CocoaHTTPServer;
			sourceTree = "<group>";
		};
		A11EAFA31FB4338E004594BF /* JL_FileTransfer */ = {
			isa = PBXGroup;
			children = (
				A11EAFE81FB542C7004594BF /* Tools */,
			);
			path = JL_FileTransfer;
			sourceTree = "<group>";
		};
		A11EAFA41FB4344E004594BF /* Frameworks */ = {
			isa = PBXGroup;
			children = (
				A11EAFA71FB434B9004594BF /* UIKit.framework */,
				A11EAFA51FB4344E004594BF /* CoreGraphics.framework */,
			);
			name = Frameworks;
			sourceTree = "<group>";
		};
		A11EAFA91FB541DE004594BF /* Core */ = {
			isa = PBXGroup;
			children = (
				A11EAFC81FB541FB004594BF /* Categories */,
				A11EAFAC1FB541F9004594BF /* HTTPAuthenticationRequest.h */,
				A11EAFBE1FB541FA004594BF /* HTTPAuthenticationRequest.m */,
				A11EAFAB1FB541F9004594BF /* HTTPConnection.h */,
				A11EAFBF1FB541FA004594BF /* HTTPConnection.m */,
				A11EAFC01FB541FB004594BF /* HTTPLogging.h */,
				A11EAFAE1FB541F9004594BF /* HTTPMessage.h */,
				A11EAFBC1FB541FA004594BF /* HTTPMessage.m */,
				A11EAFAA1FB541F9004594BF /* HTTPResponse.h */,
				A11EAFCF1FB541FB004594BF /* HTTPServer.h */,
				A11EAFD01FB541FB004594BF /* HTTPServer.m */,
				A11EAFC11FB541FB004594BF /* Mime */,
				A11EAFAF1FB541FA004594BF /* Responses */,
				A11EAFBD1FB541FA004594BF /* WebSocket.h */,
				A11EAFAD1FB541F9004594BF /* WebSocket.m */,
			);
			path = Core;
			sourceTree = "<group>";
		};
		A11EAFAF1FB541FA004594BF /* Responses */ = {
			isa = PBXGroup;
			children = (
				A11EAFB01FB541FA004594BF /* HTTPAsyncFileResponse.h */,
				A11EAFB11FB541FA004594BF /* HTTPAsyncFileResponse.m */,
				A11EAFB21FB541FA004594BF /* HTTPDataResponse.h */,
				A11EAFB31FB541FA004594BF /* HTTPDataResponse.m */,
				A11EAFB41FB541FA004594BF /* HTTPDynamicFileResponse.h */,
				A11EAFB51FB541FA004594BF /* HTTPDynamicFileResponse.m */,
				A11EAFB61FB541FA004594BF /* HTTPErrorResponse.h */,
				A11EAFB71FB541FA004594BF /* HTTPErrorResponse.m */,
				A11EAFB81FB541FA004594BF /* HTTPFileResponse.h */,
				A11EAFB91FB541FA004594BF /* HTTPFileResponse.m */,
				A11EAFBA1FB541FA004594BF /* HTTPRedirectResponse.h */,
				A11EAFBB1FB541FA004594BF /* HTTPRedirectResponse.m */,
			);
			path = Responses;
			sourceTree = "<group>";
		};
		A11EAFC11FB541FB004594BF /* Mime */ = {
			isa = PBXGroup;
			children = (
				A11EAFC21FB541FB004594BF /* MultipartFormDataParser.h */,
				A11EAFC31FB541FB004594BF /* MultipartFormDataParser.m */,
				A11EAFC41FB541FB004594BF /* MultipartMessageHeader.h */,
				A11EAFC51FB541FB004594BF /* MultipartMessageHeader.m */,
				A11EAFC61FB541FB004594BF /* MultipartMessageHeaderField.h */,
				A11EAFC71FB541FB004594BF /* MultipartMessageHeaderField.m */,
			);
			path = Mime;
			sourceTree = "<group>";
		};
		A11EAFC81FB541FB004594BF /* Categories */ = {
			isa = PBXGroup;
			children = (
				A11EAFC91FB541FB004594BF /* DDData.h */,
				A11EAFCA1FB541FB004594BF /* DDData.m */,
				A11EAFCB1FB541FB004594BF /* DDNumber.h */,
				A11EAFCC1FB541FB004594BF /* DDNumber.m */,
				A11EAFCD1FB541FB004594BF /* DDRange.h */,
				A11EAFCE1FB541FB004594BF /* DDRange.m */,
			);
			path = Categories;
			sourceTree = "<group>";
		};
		A11EAFE21FB54214004594BF /* CocoaAsyncSocket */ = {
			isa = PBXGroup;
			children = (
				A11EAFE31FB54214004594BF /* About.txt */,
				A11EAFE41FB54214004594BF /* GCDAsyncSocket.h */,
				A11EAFE51FB54214004594BF /* GCDAsyncSocket.m */,
			);
			path = CocoaAsyncSocket;
			sourceTree = "<group>";
		};
		A11EAFE81FB542C7004594BF /* Tools */ = {
			isa = PBXGroup;
			children = (
				A11EAFE91FB542F9004594BF /* JL_FileTransferManager.h */,
				A11EAFEA1FB542F9004594BF /* JL_FileTransferManager.m */,
				A11EAFEC1FB54326004594BF /* JL_HTTPConnection.h */,
				A11EAFED1FB54326004594BF /* JL_HTTPConnection.m */,
				A11EB0121FB5560D004594BF /* WebPath */,
			);
			path = Tools;
			sourceTree = "<group>";
		};
		A11EAFEF1FB544E2004594BF /* CocoaLumberjack */ = {
			isa = PBXGroup;
			children = (
				A11EAFF01FB544E2004594BF /* About.txt */,
				A11EAFF11FB544E2004594BF /* DDAbstractDatabaseLogger.h */,
				A11EAFF21FB544E2004594BF /* DDAbstractDatabaseLogger.m */,
				A11EAFF31FB544E2004594BF /* DDASLLogger.h */,
				A11EAFF41FB544E2004594BF /* DDASLLogger.m */,
				A11EAFF51FB544E2004594BF /* DDFileLogger.h */,
				A11EAFF61FB544E2004594BF /* DDFileLogger.m */,
				A11EAFF71FB544E2004594BF /* DDLog.h */,
				A11EAFF81FB544E2004594BF /* DDLog.m */,
				A11EAFF91FB544E2004594BF /* DDTTYLogger.h */,
				A11EAFFA1FB544E2004594BF /* DDTTYLogger.m */,
				A11EAFFB1FB544E2004594BF /* Extensions */,
			);
			path = CocoaLumberjack;
			sourceTree = "<group>";
		};
		A11EAFFB1FB544E2004594BF /* Extensions */ = {
			isa = PBXGroup;
			children = (
				A11EAFFC1FB544E2004594BF /* ContextFilterLogFormatter.h */,
				A11EAFFD1FB544E2004594BF /* ContextFilterLogFormatter.m */,
				A11EAFFE1FB544E2004594BF /* DispatchQueueLogFormatter.h */,
				A11EAFFF1FB544E2004594BF /* DispatchQueueLogFormatter.m */,
				A11EB0001FB544E2004594BF /* README.txt */,
			);
			path = Extensions;
			sourceTree = "<group>";
		};
		A11EB0121FB5560D004594BF /* WebPath */ = {
			isa = PBXGroup;
			children = (
				A11EB0131FB5560D004594BF /* index.html */,
				A11EB0141FB5560D004594BF /* upload.html */,
			);
			path = WebPath;
			sourceTree = "<group>";
		};
		A1B2ECBB1FB1477000966652 /* BasicLibrary */ = {
			isa = PBXGroup;
			children = (
			);
			path = BasicLibrary;
			sourceTree = "<group>";
		};
		A1EF17681FA9750500F67C06 = {
			isa = PBXGroup;
			children = (
				A1EF17731FA9750500F67C06 /* JL_AlbumHelper */,
				A1EF178C1FA9750600F67C06 /* JL_AlbumHelperTests */,
				A1EF17971FA9750600F67C06 /* JL_AlbumHelperUITests */,
				A1EF17721FA9750500F67C06 /* Products */,
				A11EAFA41FB4344E004594BF /* Frameworks */,
			);
			sourceTree = "<group>";
		};
		A1EF17721FA9750500F67C06 /* Products */ = {
			isa = PBXGroup;
			children = (
				A1EF17711FA9750500F67C06 /* JL_AlbumHelper.app */,
				A1EF17891FA9750600F67C06 /* JL_AlbumHelperTests.xctest */,
				A1EF17941FA9750600F67C06 /* JL_AlbumHelperUITests.xctest */,
			);
			name = Products;
			sourceTree = "<group>";
		};
		A1EF17731FA9750500F67C06 /* JL_AlbumHelper */ = {
			isa = PBXGroup;
			children = (
				A1EF17A71FA9756200F67C06 /* Classes */,
				A1EF177D1FA9750500F67C06 /* Assets.xcassets */,
				A1EF17821FA9750500F67C06 /* Info.plist */,
				A1EF17831FA9750500F67C06 /* main.m */,
			);
			path = JL_AlbumHelper;
			sourceTree = "<group>";
		};
		A1EF178C1FA9750600F67C06 /* JL_AlbumHelperTests */ = {
			isa = PBXGroup;
			children = (
				A1EF178D1FA9750600F67C06 /* JL_AlbumHelperTests.m */,
				A1EF178F1FA9750600F67C06 /* Info.plist */,
			);
			path = JL_AlbumHelperTests;
			sourceTree = "<group>";
		};
		A1EF17971FA9750600F67C06 /* JL_AlbumHelperUITests */ = {
			isa = PBXGroup;
			children = (
				A1EF17981FA9750600F67C06 /* JL_AlbumHelperUITests.m */,
				A1EF179A1FA9750600F67C06 /* Info.plist */,
			);
			path = JL_AlbumHelperUITests;
			sourceTree = "<group>";
		};
		A1EF17A71FA9756200F67C06 /* Classes */ = {
			isa = PBXGroup;
			children = (
				A1EF17A81FA9756200F67C06 /* JL_Main */,
				A11EAFA31FB4338E004594BF /* JL_FileTransfer */,
				A1EF17B51FA9756200F67C06 /* JL_PhotoHelper */,
				A1EF17B21FA9756200F67C06 /* JL_Others */,
			);
			path = Classes;
			sourceTree = "<group>";
		};
		A1EF17A81FA9756200F67C06 /* JL_Main */ = {
			isa = PBXGroup;
			children = (
				A1B2ECBB1FB1477000966652 /* BasicLibrary */,
				A1EF17AC1FA9756200F67C06 /* ViewControllers */,
				A1EF17A91FA9756200F67C06 /* Tools */,
			);
			path = JL_Main;
			sourceTree = "<group>";
		};
		A1EF17A91FA9756200F67C06 /* Tools */ = {
			isa = PBXGroup;
			children = (
				A1EF17AA1FA9756200F67C06 /* JL_MainViewControllerManager.h */,
				A1EF17AB1FA9756200F67C06 /* JL_MainViewControllerManager.m */,
				A11EB00A1FB54C37004594BF /* JL_DeviceInfoCenter.h */,
				A11EB00B1FB54C37004594BF /* JL_DeviceInfoCenter.m */,
			);
			path = Tools;
			sourceTree = "<group>";
		};
		A1EF17AC1FA9756200F67C06 /* ViewControllers */ = {
			isa = PBXGroup;
			children = (
				A1EF17B11FA9756200F67C06 /* JL_MainViewControllers.h */,
				A11EAC601FB3EB3E004594BF /* JL_MainNavigationController.h */,
				A11EAC5E1FB3EB3E004594BF /* JL_MainNavigationController.m */,
				A11EAC611FB3EB3E004594BF /* JL_MainTabBarController.h */,
				A11EAC5F1FB3EB3E004594BF /* JL_MainTabBarController.m */,
				A11EAC641FB3EB5D004594BF /* JL_BasicViewController.h */,
				A11EAC651FB3EB5D004594BF /* JL_BasicViewController.m */,
			);
			path = ViewControllers;
			sourceTree = "<group>";
		};
		A1EF17B21FA9756200F67C06 /* JL_Others */ = {
			isa = PBXGroup;
			children = (
				A11EAD551FB3ED48004594BF /* Categorys */,
				A11EAC671FB3EBB4004594BF /* Librarys */,
				A1FEDBC11FB08C7E00D2B8F4 /* Macro */,
				A1EF17C41FA9768F00F67C06 /* AppDelegate */,
			);
			path = JL_Others;
			sourceTree = "<group>";
		};
		A1EF17B51FA9756200F67C06 /* JL_PhotoHelper */ = {
			isa = PBXGroup;
			children = (
				A1EF17BA1FA9756200F67C06 /* ViewControllers */,
				A1EF17B61FA9756200F67C06 /* Models */,
				A1EF17B71FA9756200F67C06 /* Tools */,
				A1EF17BD1FA9756200F67C06 /* Views */,
			);
			path = JL_PhotoHelper;
			sourceTree = "<group>";
		};
		A1EF17B61FA9756200F67C06 /* Models */ = {
			isa = PBXGroup;
			children = (
			);
			path = Models;
			sourceTree = "<group>";
		};
		A1EF17B71FA9756200F67C06 /* Tools */ = {
			isa = PBXGroup;
			children = (
				A1EF17B81FA9756200F67C06 /* JL_PhotosSelectTool.h */,
				A1EF17B91FA9756200F67C06 /* JL_PhotosSelectTool.m */,
			);
			path = Tools;
			sourceTree = "<group>";
		};
		A1EF17BA1FA9756200F67C06 /* ViewControllers */ = {
			isa = PBXGroup;
			children = (
				A1EF17BB1FA9756200F67C06 /* JL_PhotosSelectViewController.h */,
				A1EF17BC1FA9756200F67C06 /* JL_PhotosSelectViewController.m */,
			);
			path = ViewControllers;
			sourceTree = "<group>";
		};
		A1EF17BD1FA9756200F67C06 /* Views */ = {
			isa = PBXGroup;
			children = (
			);
			path = Views;
			sourceTree = "<group>";
		};
		A1EF17C41FA9768F00F67C06 /* AppDelegate */ = {
			isa = PBXGroup;
			children = (
				A1EF17C51FA9768F00F67C06 /* JL_AppDelegate.h */,
				A1EF17C61FA9768F00F67C06 /* JL_AppDelegate.m */,
			);
			path = AppDelegate;
			sourceTree = "<group>";
		};
		A1FEDBC11FB08C7E00D2B8F4 /* Macro */ = {
			isa = PBXGroup;
			children = (
				A1FEDBC31FB08FD400D2B8F4 /* JL_MacroUtils.h */,
				A1FEDBC21FB08CB900D2B8F4 /* JL_PrefixHeader.pch */,
			);
			path = Macro;
			sourceTree = "<group>";
		};
/* End PBXGroup section */

/* Begin PBXNativeTarget section */
		A1EF17701FA9750500F67C06 /* JL_AlbumHelper */ = {
			isa = PBXNativeTarget;
			buildConfigurationList = A1EF179D1FA9750600F67C06 /* Build configuration list for PBXNativeTarget "JL_AlbumHelper" */;
			buildPhases = (
				A1EF176D1FA9750500F67C06 /* Sources */,
				A1EF176E1FA9750500F67C06 /* Frameworks */,
				A1EF176F1FA9750500F67C06 /* Resources */,
			);
			buildRules = (
			);
			dependencies = (
			);
			name = JL_AlbumHelper;
			productName = JL_AlbumHelper;
			productReference = A1EF17711FA9750500F67C06 /* JL_AlbumHelper.app */;
			productType = "com.apple.product-type.application";
		};
		A1EF17881FA9750600F67C06 /* JL_AlbumHelperTests */ = {
			isa = PBXNativeTarget;
			buildConfigurationList = A1EF17A01FA9750600F67C06 /* Build configuration list for PBXNativeTarget "JL_AlbumHelperTests" */;
			buildPhases = (
				A1EF17851FA9750600F67C06 /* Sources */,
				A1EF17861FA9750600F67C06 /* Frameworks */,
				A1EF17871FA9750600F67C06 /* Resources */,
			);
			buildRules = (
			);
			dependencies = (
				A1EF178B1FA9750600F67C06 /* PBXTargetDependency */,
			);
			name = JL_AlbumHelperTests;
			productName = JL_AlbumHelperTests;
			productReference = A1EF17891FA9750600F67C06 /* JL_AlbumHelperTests.xctest */;
			productType = "com.apple.product-type.bundle.unit-test";
		};
		A1EF17931FA9750600F67C06 /* JL_AlbumHelperUITests */ = {
			isa = PBXNativeTarget;
			buildConfigurationList = A1EF17A31FA9750600F67C06 /* Build configuration list for PBXNativeTarget "JL_AlbumHelperUITests" */;
			buildPhases = (
				A1EF17901FA9750600F67C06 /* Sources */,
				A1EF17911FA9750600F67C06 /* Frameworks */,
				A1EF17921FA9750600F67C06 /* Resources */,
			);
			buildRules = (
			);
			dependencies = (
				A1EF17961FA9750600F67C06 /* PBXTargetDependency */,
			);
			name = JL_AlbumHelperUITests;
			productName = JL_AlbumHelperUITests;
			productReference = A1EF17941FA9750600F67C06 /* JL_AlbumHelperUITests.xctest */;
			productType = "com.apple.product-type.bundle.ui-testing";
		};
/* End PBXNativeTarget section */

/* Begin PBXProject section */
		A1EF17691FA9750500F67C06 /* Project object */ = {
			isa = PBXProject;
			attributes = {
				CLASSPREFIX = JL_;
				LastUpgradeCheck = 0900;
				ORGANIZATIONNAME = JasonLee;
				TargetAttributes = {
					A1EF17701FA9750500F67C06 = {
						CreatedOnToolsVersion = 9.0.1;
						ProvisioningStyle = Automatic;
					};
					A1EF17881FA9750600F67C06 = {
						CreatedOnToolsVersion = 9.0.1;
						ProvisioningStyle = Automatic;
						TestTargetID = A1EF17701FA9750500F67C06;
					};
					A1EF17931FA9750600F67C06 = {
						CreatedOnToolsVersion = 9.0.1;
						ProvisioningStyle = Automatic;
						TestTargetID = A1EF17701FA9750500F67C06;
					};
				};
			};
			buildConfigurationList = A1EF176C1FA9750500F67C06 /* Build configuration list for PBXProject "JL_AlbumHelper" */;
			compatibilityVersion = "Xcode 8.0";
			developmentRegion = en;
			hasScannedForEncodings = 0;
			knownRegions = (
				en,
				Base,
				English,
			);
			mainGroup = A1EF17681FA9750500F67C06;
			productRefGroup = A1EF17721FA9750500F67C06 /* Products */;
			projectDirPath = "";
			projectRoot = "";
			targets = (
				A1EF17701FA9750500F67C06 /* JL_AlbumHelper */,
				A1EF17881FA9750600F67C06 /* JL_AlbumHelperTests */,
				A1EF17931FA9750600F67C06 /* JL_AlbumHelperUITests */,
			);
		};
/* End PBXProject section */

/* Begin PBXResourcesBuildPhase section */
		A1EF176F1FA9750500F67C06 /* Resources */ = {
			isa = PBXResourcesBuildPhase;
			buildActionMask = 2147483647;
			files = (
				A11EAFE61FB54214004594BF /* About.txt in Resources */,
				A11EADC81FB3F579004594BF /* Info.plist in Resources */,
				A11EB0011FB544E2004594BF /* About.txt in Resources */,
				A11EB0151FB5560E004594BF /* index.html in Resources */,
				A11EB0161FB5560E004594BF /* upload.html in Resources */,
				A1EF177E1FA9750500F67C06 /* Assets.xcassets in Resources */,
				A11EB0091FB544E2004594BF /* README.txt in Resources */,
			);
			runOnlyForDeploymentPostprocessing = 0;
		};
		A1EF17871FA9750600F67C06 /* Resources */ = {
			isa = PBXResourcesBuildPhase;
			buildActionMask = 2147483647;
			files = (
			);
			runOnlyForDeploymentPostprocessing = 0;
		};
		A1EF17921FA9750600F67C06 /* Resources */ = {
			isa = PBXResourcesBuildPhase;
			buildActionMask = 2147483647;
			files = (
			);
			runOnlyForDeploymentPostprocessing = 0;
		};
/* End PBXResourcesBuildPhase section */

/* Begin PBXSourcesBuildPhase section */
		A1EF176D1FA9750500F67C06 /* Sources */ = {
			isa = PBXSourcesBuildPhase;
			buildActionMask = 2147483647;
			files = (
				A11EADA91FB3F569004594BF /* AFSecurityPolicy.m in Sources */,
				A11EAFD21FB541FB004594BF /* HTTPAsyncFileResponse.m in Sources */,
				A11EB00C1FB54C37004594BF /* JL_DeviceInfoCenter.m in Sources */,
				A11EACFD1FB3EBB4004594BF /* SDWebImageManager+MJ.m in Sources */,
				A1EF17841FA9750500F67C06 /* main.m in Sources */,
				A11EAC661FB3EB5D004594BF /* JL_BasicViewController.m in Sources */,
				A11EAFD71FB541FB004594BF /* HTTPRedirectResponse.m in Sources */,
				A11EAD001FB3EBB4004594BF /* UIButton+WebCache.m in Sources */,
				A1EF17BE1FA9756200F67C06 /* JL_MainViewControllerManager.m in Sources */,
				A11EACFE1FB3EBB4004594BF /* SDWebImageManager.m in Sources */,
				A11EB0021FB544E2004594BF /* DDAbstractDatabaseLogger.m in Sources */,
				A11EAFD41FB541FB004594BF /* HTTPDynamicFileResponse.m in Sources */,
				A11EAC631FB3EB3E004594BF /* JL_MainTabBarController.m in Sources */,
				A11EACFA1FB3EBB4004594BF /* SDWebImageDecoder.m in Sources */,
				A11EADAB1FB3F569004594BF /* AFURLResponseSerialization.m in Sources */,
				A11EB0031FB544E2004594BF /* DDASLLogger.m in Sources */,
				A11EAC621FB3EB3E004594BF /* JL_MainNavigationController.m in Sources */,
				A11EAD5D1FB3ED48004594BF /* UIImage+Image.m in Sources */,
				A11EAD031FB3EBB4004594BF /* UIImage+WebP.m in Sources */,
				A11EB0081FB544E2004594BF /* DispatchQueueLogFormatter.m in Sources */,
				A11EAFDF1FB541FB004594BF /* DDNumber.m in Sources */,
				A11EADD11FB3F579004594BF /* View+MASAdditions.m in Sources */,
				A11EAFDE1FB541FB004594BF /* DDData.m in Sources */,
				A11EADA71FB3F569004594BF /* AFHTTPSessionManager.m in Sources */,
				A1EF17C71FA9768F00F67C06 /* JL_AppDelegate.m in Sources */,
				A11EAFDA1FB541FB004594BF /* HTTPConnection.m in Sources */,
				A11EAFD61FB541FB004594BF /* HTTPFileResponse.m in Sources */,
				A11EADCE1FB3F579004594BF /* MASViewConstraint.m in Sources */,
				A11EAFD31FB541FB004594BF /* HTTPDataResponse.m in Sources */,
				A11EACF81FB3EBB4004594BF /* SDImageCache.m in Sources */,
				A11EAFDB1FB541FB004594BF /* MultipartFormDataParser.m in Sources */,
				A11EACF61FB3EBB4004594BF /* MKAnnotationView+WebCache.m in Sources */,
				A11EACFC1FB3EBB4004594BF /* SDWebImageDownloaderOperation.m in Sources */,
				A11EAFDC1FB541FB004594BF /* MultipartMessageHeader.m in Sources */,
				A11EAFD81FB541FB004594BF /* HTTPMessage.m in Sources */,
				A11EAD041FB3EBB4004594BF /* UIImageView+HighlightedWebCache.m in Sources */,
				A11EACFB1FB3EBB4004594BF /* SDWebImageDownloader.m in Sources */,
				A11EADCA1FB3F579004594BF /* MASConstraint.m in Sources */,
				A11EACF71FB3EBB4004594BF /* NSData+ImageContentType.m in Sources */,
				A11EADD01FB3F579004594BF /* NSLayoutConstraint+MASDebugAdditions.m in Sources */,
				A11EADCF1FB3F579004594BF /* NSArray+MASAdditions.m in Sources */,
				A11EAFD11FB541FB004594BF /* WebSocket.m in Sources */,
				A11EB0051FB544E2004594BF /* DDLog.m in Sources */,
				A11EAFE11FB541FB004594BF /* HTTPServer.m in Sources */,
				A11EAFD51FB541FB004594BF /* HTTPErrorResponse.m in Sources */,
				A11EB0071FB544E2004594BF /* ContextFilterLogFormatter.m in Sources */,
				A11EADA81FB3F569004594BF /* AFNetworkReachabilityManager.m in Sources */,
				A11EAD051FB3EBB4004594BF /* UIImageView+WebCache.m in Sources */,
				A11EAFE71FB54214004594BF /* GCDAsyncSocket.m in Sources */,
				A11EAFD91FB541FB004594BF /* HTTPAuthenticationRequest.m in Sources */,
				A11EADCC1FB3F579004594BF /* MASLayoutConstraint.m in Sources */,
				A11EAD061FB3EBB4004594BF /* UIView+WebCacheOperation.m in Sources */,
				A11EADC91FB3F579004594BF /* MASCompositeConstraint.m in Sources */,
				A11EAFE01FB541FB004594BF /* DDRange.m in Sources */,
				A11EACF91FB3EBB4004594BF /* SDWebImageCompat.m in Sources */,
				A11EADCB1FB3F579004594BF /* MASConstraintMaker.m in Sources */,
				A11EB0041FB544E2004594BF /* DDFileLogger.m in Sources */,
				A11EB0061FB544E2004594BF /* DDTTYLogger.m in Sources */,
				A11EAD5E1FB3ED48004594BF /* UIView+Frame.m in Sources */,
				A11EAFEE1FB54326004594BF /* JL_HTTPConnection.m in Sources */,
				A1EF17C31FA9756200F67C06 /* JL_PhotosSelectViewController.m in Sources */,
				A11EADAA1FB3F569004594BF /* AFURLRequestSerialization.m in Sources */,
				A11EAD011FB3EBB4004594BF /* UIImage+GIF.m in Sources */,
				A11EADAC1FB3F569004594BF /* AFURLSessionManager.m in Sources */,
				A11EADD21FB3F579004594BF /* ViewController+MASAdditions.m in Sources */,
				A1EF17C21FA9756200F67C06 /* JL_PhotosSelectTool.m in Sources */,
				A11EAFDD1FB541FB004594BF /* MultipartMessageHeaderField.m in Sources */,
				A11EAD5C1FB3ED48004594BF /* UIBarButtonItem+Item.m in Sources */,
				A11EACFF1FB3EBB4004594BF /* SDWebImagePrefetcher.m in Sources */,
				A11EAD021FB3EBB4004594BF /* UIImage+MultiFormat.m in Sources */,
				A11EADCD1FB3F579004594BF /* MASViewAttribute.m in Sources */,
				A11EAFEB1FB542F9004594BF /* JL_FileTransferManager.m in Sources */,
			);
			runOnlyForDeploymentPostprocessing = 0;
		};
		A1EF17851FA9750600F67C06 /* Sources */ = {
			isa = PBXSourcesBuildPhase;
			buildActionMask = 2147483647;
			files = (
				A1EF178E1FA9750600F67C06 /* JL_AlbumHelperTests.m in Sources */,
			);
			runOnlyForDeploymentPostprocessing = 0;
		};
		A1EF17901FA9750600F67C06 /* Sources */ = {
			isa = PBXSourcesBuildPhase;
			buildActionMask = 2147483647;
			files = (
				A1EF17991FA9750600F67C06 /* JL_AlbumHelperUITests.m in Sources */,
			);
			runOnlyForDeploymentPostprocessing = 0;
		};
/* End PBXSourcesBuildPhase section */

/* Begin PBXTargetDependency section */
		A1EF178B1FA9750600F67C06 /* PBXTargetDependency */ = {
			isa = PBXTargetDependency;
			target = A1EF17701FA9750500F67C06 /* JL_AlbumHelper */;
			targetProxy = A1EF178A1FA9750600F67C06 /* PBXContainerItemProxy */;
		};
		A1EF17961FA9750600F67C06 /* PBXTargetDependency */ = {
			isa = PBXTargetDependency;
			target = A1EF17701FA9750500F67C06 /* JL_AlbumHelper */;
			targetProxy = A1EF17951FA9750600F67C06 /* PBXContainerItemProxy */;
		};
/* End PBXTargetDependency section */

/* Begin XCBuildConfiguration section */
		A1EF179B1FA9750600F67C06 /* Debug */ = {
			isa = XCBuildConfiguration;
			buildSettings = {
				ALWAYS_SEARCH_USER_PATHS = NO;
				CLANG_ANALYZER_NONNULL = YES;
				CLANG_ANALYZER_NUMBER_OBJECT_CONVERSION = YES_AGGRESSIVE;
				CLANG_CXX_LANGUAGE_STANDARD = "gnu++14";
				CLANG_CXX_LIBRARY = "libc++";
				CLANG_ENABLE_MODULES = YES;
				CLANG_ENABLE_OBJC_ARC = YES;
				CLANG_WARN_BLOCK_CAPTURE_AUTORELEASING = YES;
				CLANG_WARN_BOOL_CONVERSION = YES;
				CLANG_WARN_COMMA = YES;
				CLANG_WARN_CONSTANT_CONVERSION = YES;
				CLANG_WARN_DIRECT_OBJC_ISA_USAGE = YES_ERROR;
				CLANG_WARN_DOCUMENTATION_COMMENTS = YES;
				CLANG_WARN_EMPTY_BODY = YES;
				CLANG_WARN_ENUM_CONVERSION = YES;
				CLANG_WARN_INFINITE_RECURSION = YES;
				CLANG_WARN_INT_CONVERSION = YES;
				CLANG_WARN_NON_LITERAL_NULL_CONVERSION = YES;
				CLANG_WARN_OBJC_LITERAL_CONVERSION = YES;
				CLANG_WARN_OBJC_ROOT_CLASS = YES_ERROR;
				CLANG_WARN_RANGE_LOOP_ANALYSIS = YES;
				CLANG_WARN_STRICT_PROTOTYPES = YES;
				CLANG_WARN_SUSPICIOUS_MOVE = YES;
				CLANG_WARN_UNGUARDED_AVAILABILITY = YES_AGGRESSIVE;
				CLANG_WARN_UNREACHABLE_CODE = YES;
				CLANG_WARN__DUPLICATE_METHOD_MATCH = YES;
				CODE_SIGN_IDENTITY = "iPhone Developer";
				COPY_PHASE_STRIP = NO;
				DEBUG_INFORMATION_FORMAT = dwarf;
				ENABLE_STRICT_OBJC_MSGSEND = YES;
				ENABLE_TESTABILITY = YES;
				GCC_C_LANGUAGE_STANDARD = gnu11;
				GCC_DYNAMIC_NO_PIC = NO;
				GCC_NO_COMMON_BLOCKS = YES;
				GCC_OPTIMIZATION_LEVEL = 0;
				GCC_PREPROCESSOR_DEFINITIONS = (
					"DEBUG=1",
					"$(inherited)",
				);
				GCC_WARN_64_TO_32_BIT_CONVERSION = YES;
				GCC_WARN_ABOUT_RETURN_TYPE = YES_ERROR;
				GCC_WARN_UNDECLARED_SELECTOR = YES;
				GCC_WARN_UNINITIALIZED_AUTOS = YES_AGGRESSIVE;
				GCC_WARN_UNUSED_FUNCTION = YES;
				GCC_WARN_UNUSED_VARIABLE = YES;
				IPHONEOS_DEPLOYMENT_TARGET = 11.0;
				MTL_ENABLE_DEBUG_INFO = YES;
				ONLY_ACTIVE_ARCH = YES;
				SDKROOT = iphoneos;
			};
			name = Debug;
		};
		A1EF179C1FA9750600F67C06 /* Release */ = {
			isa = XCBuildConfiguration;
			buildSettings = {
				ALWAYS_SEARCH_USER_PATHS = NO;
				CLANG_ANALYZER_NONNULL = YES;
				CLANG_ANALYZER_NUMBER_OBJECT_CONVERSION = YES_AGGRESSIVE;
				CLANG_CXX_LANGUAGE_STANDARD = "gnu++14";
				CLANG_CXX_LIBRARY = "libc++";
				CLANG_ENABLE_MODULES = YES;
				CLANG_ENABLE_OBJC_ARC = YES;
				CLANG_WARN_BLOCK_CAPTURE_AUTORELEASING = YES;
				CLANG_WARN_BOOL_CONVERSION = YES;
				CLANG_WARN_COMMA = YES;
				CLANG_WARN_CONSTANT_CONVERSION = YES;
				CLANG_WARN_DIRECT_OBJC_ISA_USAGE = YES_ERROR;
				CLANG_WARN_DOCUMENTATION_COMMENTS = YES;
				CLANG_WARN_EMPTY_BODY = YES;
				CLANG_WARN_ENUM_CONVERSION = YES;
				CLANG_WARN_INFINITE_RECURSION = YES;
				CLANG_WARN_INT_CONVERSION = YES;
				CLANG_WARN_NON_LITERAL_NULL_CONVERSION = YES;
				CLANG_WARN_OBJC_LITERAL_CONVERSION = YES;
				CLANG_WARN_OBJC_ROOT_CLASS = YES_ERROR;
				CLANG_WARN_RANGE_LOOP_ANALYSIS = YES;
				CLANG_WARN_STRICT_PROTOTYPES = YES;
				CLANG_WARN_SUSPICIOUS_MOVE = YES;
				CLANG_WARN_UNGUARDED_AVAILABILITY = YES_AGGRESSIVE;
				CLANG_WARN_UNREACHABLE_CODE = YES;
				CLANG_WARN__DUPLICATE_METHOD_MATCH = YES;
				CODE_SIGN_IDENTITY = "iPhone Developer";
				COPY_PHASE_STRIP = NO;
				DEBUG_INFORMATION_FORMAT = "dwarf-with-dsym";
				ENABLE_NS_ASSERTIONS = NO;
				ENABLE_STRICT_OBJC_MSGSEND = YES;
				GCC_C_LANGUAGE_STANDARD = gnu11;
				GCC_NO_COMMON_BLOCKS = YES;
				GCC_WARN_64_TO_32_BIT_CONVERSION = YES;
				GCC_WARN_ABOUT_RETURN_TYPE = YES_ERROR;
				GCC_WARN_UNDECLARED_SELECTOR = YES;
				GCC_WARN_UNINITIALIZED_AUTOS = YES_AGGRESSIVE;
				GCC_WARN_UNUSED_FUNCTION = YES;
				GCC_WARN_UNUSED_VARIABLE = YES;
				IPHONEOS_DEPLOYMENT_TARGET = 11.0;
				MTL_ENABLE_DEBUG_INFO = NO;
				SDKROOT = iphoneos;
				VALIDATE_PRODUCT = YES;
			};
			name = Release;
		};
		A1EF179E1FA9750600F67C06 /* Debug */ = {
			isa = XCBuildConfiguration;
			buildSettings = {
				ASSETCATALOG_COMPILER_APPICON_NAME = AppIcon;
				ASSETCATALOG_COMPILER_LAUNCHIMAGE_NAME = LaunchImage;
				CODE_SIGN_STYLE = Automatic;
				DEVELOPMENT_TEAM = 64X5T3CQP9;
				GCC_PREFIX_HEADER = "$(SRCROOT)/JL_AlbumHelper/Classes/JL_Others/Macro/JL_PrefixHeader.pch";
				INFOPLIST_FILE = JL_AlbumHelper/Info.plist;
				IPHONEOS_DEPLOYMENT_TARGET = 8.0;
				LD_RUNPATH_SEARCH_PATHS = "$(inherited) @executable_path/Frameworks";
				PRODUCT_BUNDLE_IDENTIFIER = com.jasonlee.albumhelper;
				PRODUCT_NAME = "$(TARGET_NAME)";
				TARGETED_DEVICE_FAMILY = "1,2";
			};
			name = Debug;
		};
		A1EF179F1FA9750600F67C06 /* Release */ = {
			isa = XCBuildConfiguration;
			buildSettings = {
				ASSETCATALOG_COMPILER_APPICON_NAME = AppIcon;
				ASSETCATALOG_COMPILER_LAUNCHIMAGE_NAME = LaunchImage;
				CODE_SIGN_STYLE = Automatic;
				DEVELOPMENT_TEAM = 64X5T3CQP9;
				GCC_PREFIX_HEADER = "$(SRCROOT)/JL_AlbumHelper/Classes/JL_Others/Macro/JL_PrefixHeader.pch";
				INFOPLIST_FILE = JL_AlbumHelper/Info.plist;
				IPHONEOS_DEPLOYMENT_TARGET = 8.0;
				LD_RUNPATH_SEARCH_PATHS = "$(inherited) @executable_path/Frameworks";
				PRODUCT_BUNDLE_IDENTIFIER = com.jasonlee.albumhelper;
				PRODUCT_NAME = "$(TARGET_NAME)";
				TARGETED_DEVICE_FAMILY = "1,2";
			};
			name = Release;
		};
		A1EF17A11FA9750600F67C06 /* Debug */ = {
			isa = XCBuildConfiguration;
			buildSettings = {
				BUNDLE_LOADER = "$(TEST_HOST)";
				CODE_SIGN_STYLE = Automatic;
				DEVELOPMENT_TEAM = 64X5T3CQP9;
				INFOPLIST_FILE = JL_AlbumHelperTests/Info.plist;
				LD_RUNPATH_SEARCH_PATHS = "$(inherited) @executable_path/Frameworks @loader_path/Frameworks";
				PRODUCT_BUNDLE_IDENTIFIER = "com.jasonlee.JL-AlbumHelperTests";
				PRODUCT_NAME = "$(TARGET_NAME)";
				TARGETED_DEVICE_FAMILY = "1,2";
				TEST_HOST = "$(BUILT_PRODUCTS_DIR)/JL_AlbumHelper.app/JL_AlbumHelper";
			};
			name = Debug;
		};
		A1EF17A21FA9750600F67C06 /* Release */ = {
			isa = XCBuildConfiguration;
			buildSettings = {
				BUNDLE_LOADER = "$(TEST_HOST)";
				CODE_SIGN_STYLE = Automatic;
				DEVELOPMENT_TEAM = 64X5T3CQP9;
				INFOPLIST_FILE = JL_AlbumHelperTests/Info.plist;
				LD_RUNPATH_SEARCH_PATHS = "$(inherited) @executable_path/Frameworks @loader_path/Frameworks";
				PRODUCT_BUNDLE_IDENTIFIER = "com.jasonlee.JL-AlbumHelperTests";
				PRODUCT_NAME = "$(TARGET_NAME)";
				TARGETED_DEVICE_FAMILY = "1,2";
				TEST_HOST = "$(BUILT_PRODUCTS_DIR)/JL_AlbumHelper.app/JL_AlbumHelper";
			};
			name = Release;
		};
		A1EF17A41FA9750600F67C06 /* Debug */ = {
			isa = XCBuildConfiguration;
			buildSettings = {
				CODE_SIGN_STYLE = Automatic;
				DEVELOPMENT_TEAM = 64X5T3CQP9;
				INFOPLIST_FILE = JL_AlbumHelperUITests/Info.plist;
				LD_RUNPATH_SEARCH_PATHS = "$(inherited) @executable_path/Frameworks @loader_path/Frameworks";
				PRODUCT_BUNDLE_IDENTIFIER = "com.jasonlee.JL-AlbumHelperUITests";
				PRODUCT_NAME = "$(TARGET_NAME)";
				TARGETED_DEVICE_FAMILY = "1,2";
				TEST_TARGET_NAME = JL_AlbumHelper;
			};
			name = Debug;
		};
		A1EF17A51FA9750600F67C06 /* Release */ = {
			isa = XCBuildConfiguration;
			buildSettings = {
				CODE_SIGN_STYLE = Automatic;
				DEVELOPMENT_TEAM = 64X5T3CQP9;
				INFOPLIST_FILE = JL_AlbumHelperUITests/Info.plist;
				LD_RUNPATH_SEARCH_PATHS = "$(inherited) @executable_path/Frameworks @loader_path/Frameworks";
				PRODUCT_BUNDLE_IDENTIFIER = "com.jasonlee.JL-AlbumHelperUITests";
				PRODUCT_NAME = "$(TARGET_NAME)";
				TARGETED_DEVICE_FAMILY = "1,2";
				TEST_TARGET_NAME = JL_AlbumHelper;
			};
			name = Release;
		};
/* End XCBuildConfiguration section */

/* Begin XCConfigurationList section */
		A1EF176C1FA9750500F67C06 /* Build configuration list for PBXProject "JL_AlbumHelper" */ = {
			isa = XCConfigurationList;
			buildConfigurations = (
				A1EF179B1FA9750600F67C06 /* Debug */,
				A1EF179C1FA9750600F67C06 /* Release */,
			);
			defaultConfigurationIsVisible = 0;
			defaultConfigurationName = Release;
		};
		A1EF179D1FA9750600F67C06 /* Build configuration list for PBXNativeTarget "JL_AlbumHelper" */ = {
			isa = XCConfigurationList;
			buildConfigurations = (
				A1EF179E1FA9750600F67C06 /* Debug */,
				A1EF179F1FA9750600F67C06 /* Release */,
			);
			defaultConfigurationIsVisible = 0;
			defaultConfigurationName = Release;
		};
		A1EF17A01FA9750600F67C06 /* Build configuration list for PBXNativeTarget "JL_AlbumHelperTests" */ = {
			isa = XCConfigurationList;
			buildConfigurations = (
				A1EF17A11FA9750600F67C06 /* Debug */,
				A1EF17A21FA9750600F67C06 /* Release */,
			);
			defaultConfigurationIsVisible = 0;
			defaultConfigurationName = Release;
		};
		A1EF17A31FA9750600F67C06 /* Build configuration list for PBXNativeTarget "JL_AlbumHelperUITests" */ = {
			isa = XCConfigurationList;
			buildConfigurations = (
				A1EF17A41FA9750600F67C06 /* Debug */,
				A1EF17A51FA9750600F67C06 /* Release */,
			);
			defaultConfigurationIsVisible = 0;
			defaultConfigurationName = Release;
		};
/* End XCConfigurationList section */
	};
	rootObject = A1EF17691FA9750500F67C06 /* Project object */;
}
